// !$*UTF8*$!
{
	archiveVersion = 1;
	classes = {
	};
	objectVersion = 46;
	objects = {

/* Begin PBXBuildFile section */
		8E0315FA16DB55C500A555E5 /* gmock.a in Frameworks */ = {isa = PBXBuildFile; fileRef = 8E0315C416DB55B700A555E5 /* gmock.a */; };
		8EB6928616D5B5BE005BC387 /* main.cpp in Sources */ = {isa = PBXBuildFile; fileRef = 8EB6928516D5B5BE005BC387 /* main.cpp */; };
/* End PBXBuildFile section */

/* Begin PBXContainerItemProxy section */
		8E0315F516DB55B700A555E5 /* PBXContainerItemProxy */ = {
			isa = PBXContainerItemProxy;
			containerPortal = 8E0315CC16DB55B700A555E5 /* test1.xcodeproj */;
			proxyType = 2;
			remoteGlobalIDString = 8EB6928216D5B5BE005BC387;
			remoteInfo = test1;
		};
		8E0315F816DB55B700A555E5 /* PBXContainerItemProxy */ = {
			isa = PBXContainerItemProxy;
			containerPortal = 8E03158816DB55B600A555E5 /* test1.xcodeproj */;
			proxyType = 2;
			remoteGlobalIDString = 8ED8302C16D4ADAF0020D40A;
			remoteInfo = test1;
		};
/* End PBXContainerItemProxy section */

/* Begin PBXCopyFilesBuildPhase section */
		8EB6928016D5B5BE005BC387 /* CopyFiles */ = {
			isa = PBXCopyFilesBuildPhase;
			buildActionMask = 2147483647;
			dstPath = /usr/share/man/man1/;
			dstSubfolderSpec = 0;
			files = (
			);
			runOnlyForDeploymentPostprocessing = 1;
		};
/* End PBXCopyFilesBuildPhase section */

/* Begin PBXFileReference section */
		8E03158316DB55B600A555E5 /* .gitignore */ = {isa = PBXFileReference; lastKnownFileType = text; path = .gitignore; sourceTree = "<group>"; };
		8E03158716DB55B600A555E5 /* main.cpp */ = {isa = PBXFileReference; lastKnownFileType = sourcecode.cpp.cpp; path = main.cpp; sourceTree = "<group>"; };
		8E03158816DB55B600A555E5 /* test1.xcodeproj */ = {isa = PBXFileReference; lastKnownFileType = "wrapper.pb-project"; path = test1.xcodeproj; sourceTree = "<group>"; };
		8E03158F16DB55B700A555E5 /* main.cpp */ = {isa = PBXFileReference; lastKnownFileType = sourcecode.cpp.cpp; path = main.cpp; sourceTree = "<group>"; };
		8E03159016DB55B700A555E5 /* test1.1 */ = {isa = PBXFileReference; lastKnownFileType = text.man; path = test1.1; sourceTree = "<group>"; };
		8E03159116DB55B700A555E5 /* test1.xcodeproj */ = {isa = PBXFileReference; lastKnownFileType = "wrapper.pb-project"; path = test1.xcodeproj; sourceTree = "<group>"; };
		8E03159616DB55B700A555E5 /* gmock-actions.h */ = {isa = PBXFileReference; lastKnownFileType = sourcecode.c.h; path = "gmock-actions.h"; sourceTree = "<group>"; };
		8E03159716DB55B700A555E5 /* gmock-cardinalities.h */ = {isa = PBXFileReference; lastKnownFileType = sourcecode.c.h; path = "gmock-cardinalities.h"; sourceTree = "<group>"; };
		8E03159816DB55B700A555E5 /* gmock-generated-actions.h */ = {isa = PBXFileReference; lastKnownFileType = sourcecode.c.h; path = "gmock-generated-actions.h"; sourceTree = "<group>"; };
		8E03159916DB55B700A555E5 /* gmock-generated-actions.h.pump */ = {isa = PBXFileReference; lastKnownFileType = text; path = "gmock-generated-actions.h.pump"; sourceTree = "<group>"; };
		8E03159A16DB55B700A555E5 /* gmock-generated-function-mockers.h */ = {isa = PBXFileReference; lastKnownFileType = sourcecode.c.h; path = "gmock-generated-function-mockers.h"; sourceTree = "<group>"; };
		8E03159B16DB55B700A555E5 /* gmock-generated-function-mockers.h.pump */ = {isa = PBXFileReference; lastKnownFileType = text; path = "gmock-generated-function-mockers.h.pump"; sourceTree = "<group>"; };
		8E03159C16DB55B700A555E5 /* gmock-generated-matchers.h */ = {isa = PBXFileReference; lastKnownFileType = sourcecode.c.h; path = "gmock-generated-matchers.h"; sourceTree = "<group>"; };
		8E03159D16DB55B700A555E5 /* gmock-generated-matchers.h.pump */ = {isa = PBXFileReference; lastKnownFileType = text; path = "gmock-generated-matchers.h.pump"; sourceTree = "<group>"; };
		8E03159E16DB55B700A555E5 /* gmock-generated-nice-strict.h */ = {isa = PBXFileReference; lastKnownFileType = sourcecode.c.h; path = "gmock-generated-nice-strict.h"; sourceTree = "<group>"; };
		8E03159F16DB55B700A555E5 /* gmock-generated-nice-strict.h.pump */ = {isa = PBXFileReference; lastKnownFileType = text; path = "gmock-generated-nice-strict.h.pump"; sourceTree = "<group>"; };
		8E0315A016DB55B700A555E5 /* gmock-matchers.h */ = {isa = PBXFileReference; lastKnownFileType = sourcecode.c.h; path = "gmock-matchers.h"; sourceTree = "<group>"; };
		8E0315A116DB55B700A555E5 /* gmock-more-actions.h */ = {isa = PBXFileReference; lastKnownFileType = sourcecode.c.h; path = "gmock-more-actions.h"; sourceTree = "<group>"; };
		8E0315A216DB55B700A555E5 /* gmock-spec-builders.h */ = {isa = PBXFileReference; lastKnownFileType = sourcecode.c.h; path = "gmock-spec-builders.h"; sourceTree = "<group>"; };
		8E0315A316DB55B700A555E5 /* gmock.h */ = {isa = PBXFileReference; lastKnownFileType = sourcecode.c.h; path = gmock.h; sourceTree = "<group>"; };
		8E0315A516DB55B700A555E5 /* gmock-generated-internal-utils.h */ = {isa = PBXFileReference; lastKnownFileType = sourcecode.c.h; path = "gmock-generated-internal-utils.h"; sourceTree = "<group>"; };
		8E0315A616DB55B700A555E5 /* gmock-generated-internal-utils.h.pump */ = {isa = PBXFileReference; lastKnownFileType = text; path = "gmock-generated-internal-utils.h.pump"; sourceTree = "<group>"; };
		8E0315A716DB55B700A555E5 /* gmock-internal-utils.h */ = {isa = PBXFileReference; lastKnownFileType = sourcecode.c.h; path = "gmock-internal-utils.h"; sourceTree = "<group>"; };
		8E0315A816DB55B700A555E5 /* gmock-port.h */ = {isa = PBXFileReference; lastKnownFileType = sourcecode.c.h; path = "gmock-port.h"; sourceTree = "<group>"; };
		8E0315AA16DB55B700A555E5 /* gtest-death-test.h */ = {isa = PBXFileReference; lastKnownFileType = sourcecode.c.h; path = "gtest-death-test.h"; sourceTree = "<group>"; };
		8E0315AB16DB55B700A555E5 /* gtest-message.h */ = {isa = PBXFileReference; lastKnownFileType = sourcecode.c.h; path = "gtest-message.h"; sourceTree = "<group>"; };
		8E0315AC16DB55B700A555E5 /* gtest-param-test.h */ = {isa = PBXFileReference; lastKnownFileType = sourcecode.c.h; path = "gtest-param-test.h"; sourceTree = "<group>"; };
		8E0315AD16DB55B700A555E5 /* gtest-param-test.h.pump */ = {isa = PBXFileReference; lastKnownFileType = text; path = "gtest-param-test.h.pump"; sourceTree = "<group>"; };
		8E0315AE16DB55B700A555E5 /* gtest-printers.h */ = {isa = PBXFileReference; lastKnownFileType = sourcecode.c.h; path = "gtest-printers.h"; sourceTree = "<group>"; };
		8E0315AF16DB55B700A555E5 /* gtest-spi.h */ = {isa = PBXFileReference; lastKnownFileType = sourcecode.c.h; path = "gtest-spi.h"; sourceTree = "<group>"; };
		8E0315B016DB55B700A555E5 /* gtest-test-part.h */ = {isa = PBXFileReference; lastKnownFileType = sourcecode.c.h; path = "gtest-test-part.h"; sourceTree = "<group>"; };
		8E0315B116DB55B700A555E5 /* gtest-typed-test.h */ = {isa = PBXFileReference; lastKnownFileType = sourcecode.c.h; path = "gtest-typed-test.h"; sourceTree = "<group>"; };
		8E0315B216DB55B700A555E5 /* gtest.h */ = {isa = PBXFileReference; lastKnownFileType = sourcecode.c.h; path = gtest.h; sourceTree = "<group>"; };
		8E0315B316DB55B700A555E5 /* gtest_pred_impl.h */ = {isa = PBXFileReference; lastKnownFileType = sourcecode.c.h; path = gtest_pred_impl.h; sourceTree = "<group>"; };
		8E0315B416DB55B700A555E5 /* gtest_prod.h */ = {isa = PBXFileReference; lastKnownFileType = sourcecode.c.h; path = gtest_prod.h; sourceTree = "<group>"; };
		8E0315B616DB55B700A555E5 /* gtest-death-test-internal.h */ = {isa = PBXFileReference; lastKnownFileType = sourcecode.c.h; path = "gtest-death-test-internal.h"; sourceTree = "<group>"; };
		8E0315B716DB55B700A555E5 /* gtest-filepath.h */ = {isa = PBXFileReference; lastKnownFileType = sourcecode.c.h; path = "gtest-filepath.h"; sourceTree = "<group>"; };
		8E0315B816DB55B700A555E5 /* gtest-internal.h */ = {isa = PBXFileReference; lastKnownFileType = sourcecode.c.h; path = "gtest-internal.h"; sourceTree = "<group>"; };
		8E0315B916DB55B700A555E5 /* gtest-linked_ptr.h */ = {isa = PBXFileReference; lastKnownFileType = sourcecode.c.h; path = "gtest-linked_ptr.h"; sourceTree = "<group>"; };
		8E0315BA16DB55B700A555E5 /* gtest-param-util-generated.h */ = {isa = PBXFileReference; lastKnownFileType = sourcecode.c.h; path = "gtest-param-util-generated.h"; sourceTree = "<group>"; };
		8E0315BB16DB55B700A555E5 /* gtest-param-util-generated.h.pump */ = {isa = PBXFileReference; lastKnownFileType = text; path = "gtest-param-util-generated.h.pump"; sourceTree = "<group>"; };
		8E0315BC16DB55B700A555E5 /* gtest-param-util.h */ = {isa = PBXFileReference; lastKnownFileType = sourcecode.c.h; path = "gtest-param-util.h"; sourceTree = "<group>"; };
		8E0315BD16DB55B700A555E5 /* gtest-port.h */ = {isa = PBXFileReference; lastKnownFileType = sourcecode.c.h; path = "gtest-port.h"; sourceTree = "<group>"; };
		8E0315BE16DB55B700A555E5 /* gtest-string.h */ = {isa = PBXFileReference; lastKnownFileType = sourcecode.c.h; path = "gtest-string.h"; sourceTree = "<group>"; };
		8E0315BF16DB55B700A555E5 /* gtest-tuple.h */ = {isa = PBXFileReference; lastKnownFileType = sourcecode.c.h; path = "gtest-tuple.h"; sourceTree = "<group>"; };
		8E0315C016DB55B700A555E5 /* gtest-tuple.h.pump */ = {isa = PBXFileReference; lastKnownFileType = text; path = "gtest-tuple.h.pump"; sourceTree = "<group>"; };
		8E0315C116DB55B700A555E5 /* gtest-type-util.h */ = {isa = PBXFileReference; lastKnownFileType = sourcecode.c.h; path = "gtest-type-util.h"; sourceTree = "<group>"; };
		8E0315C216DB55B700A555E5 /* gtest-type-util.h.pump */ = {isa = PBXFileReference; lastKnownFileType = text; path = "gtest-type-util.h.pump"; sourceTree = "<group>"; };
		8E0315C416DB55B700A555E5 /* gmock.a */ = {isa = PBXFileReference; lastKnownFileType = archive.ar; path = gmock.a; sourceTree = "<group>"; };
		8E0315C516DB55B700A555E5 /* gmock_main.a */ = {isa = PBXFileReference; lastKnownFileType = archive.ar; path = gmock_main.a; sourceTree = "<group>"; };
		8E0315CA16DB55B700A555E5 /* main.cpp */ = {isa = PBXFileReference; lastKnownFileType = sourcecode.cpp.cpp; path = main.cpp; sourceTree = "<group>"; };
		8E0315CB16DB55B700A555E5 /* test1.1 */ = {isa = PBXFileReference; lastKnownFileType = text.man; path = test1.1; sourceTree = "<group>"; };
		8E0315CC16DB55B700A555E5 /* test1.xcodeproj */ = {isa = PBXFileReference; lastKnownFileType = "wrapper.pb-project"; path = test1.xcodeproj; sourceTree = "<group>"; };
		8E0315D116DB55B700A555E5 /* gtest-death-test.h */ = {isa = PBXFileReference; lastKnownFileType = sourcecode.c.h; path = "gtest-death-test.h"; sourceTree = "<group>"; };
		8E0315D216DB55B700A555E5 /* gtest-message.h */ = {isa = PBXFileReference; lastKnownFileType = sourcecode.c.h; path = "gtest-message.h"; sourceTree = "<group>"; };
		8E0315D316DB55B700A555E5 /* gtest-param-test.h */ = {isa = PBXFileReference; lastKnownFileType = sourcecode.c.h; path = "gtest-param-test.h"; sourceTree = "<group>"; };
		8E0315D416DB55B700A555E5 /* gtest-param-test.h.pump */ = {isa = PBXFileReference; lastKnownFileType = text; path = "gtest-param-test.h.pump"; sourceTree = "<group>"; };
		8E0315D516DB55B700A555E5 /* gtest-printers.h */ = {isa = PBXFileReference; lastKnownFileType = sourcecode.c.h; path = "gtest-printers.h"; sourceTree = "<group>"; };
		8E0315D616DB55B700A555E5 /* gtest-spi.h */ = {isa = PBXFileReference; lastKnownFileType = sourcecode.c.h; path = "gtest-spi.h"; sourceTree = "<group>"; };
		8E0315D716DB55B700A555E5 /* gtest-test-part.h */ = {isa = PBXFileReference; lastKnownFileType = sourcecode.c.h; path = "gtest-test-part.h"; sourceTree = "<group>"; };
		8E0315D816DB55B700A555E5 /* gtest-typed-test.h */ = {isa = PBXFileReference; lastKnownFileType = sourcecode.c.h; path = "gtest-typed-test.h"; sourceTree = "<group>"; };
		8E0315D916DB55B700A555E5 /* gtest.h */ = {isa = PBXFileReference; lastKnownFileType = sourcecode.c.h; path = gtest.h; sourceTree = "<group>"; };
		8E0315DA16DB55B700A555E5 /* gtest_pred_impl.h */ = {isa = PBXFileReference; lastKnownFileType = sourcecode.c.h; path = gtest_pred_impl.h; sourceTree = "<group>"; };
		8E0315DB16DB55B700A555E5 /* gtest_prod.h */ = {isa = PBXFileReference; lastKnownFileType = sourcecode.c.h; path = gtest_prod.h; sourceTree = "<group>"; };
		8E0315DD16DB55B700A555E5 /* gtest-death-test-internal.h */ = {isa = PBXFileReference; lastKnownFileType = sourcecode.c.h; path = "gtest-death-test-internal.h"; sourceTree = "<group>"; };
		8E0315DE16DB55B700A555E5 /* gtest-filepath.h */ = {isa = PBXFileReference; lastKnownFileType = sourcecode.c.h; path = "gtest-filepath.h"; sourceTree = "<group>"; };
		8E0315DF16DB55B700A555E5 /* gtest-internal.h */ = {isa = PBXFileReference; lastKnownFileType = sourcecode.c.h; path = "gtest-internal.h"; sourceTree = "<group>"; };
		8E0315E016DB55B700A555E5 /* gtest-linked_ptr.h */ = {isa = PBXFileReference; lastKnownFileType = sourcecode.c.h; path = "gtest-linked_ptr.h"; sourceTree = "<group>"; };
		8E0315E116DB55B700A555E5 /* gtest-param-util-generated.h */ = {isa = PBXFileReference; lastKnownFileType = sourcecode.c.h; path = "gtest-param-util-generated.h"; sourceTree = "<group>"; };
		8E0315E216DB55B700A555E5 /* gtest-param-util-generated.h.pump */ = {isa = PBXFileReference; lastKnownFileType = text; path = "gtest-param-util-generated.h.pump"; sourceTree = "<group>"; };
		8E0315E316DB55B700A555E5 /* gtest-param-util.h */ = {isa = PBXFileReference; lastKnownFileType = sourcecode.c.h; path = "gtest-param-util.h"; sourceTree = "<group>"; };
		8E0315E416DB55B700A555E5 /* gtest-port.h */ = {isa = PBXFileReference; lastKnownFileType = sourcecode.c.h; path = "gtest-port.h"; sourceTree = "<group>"; };
		8E0315E516DB55B700A555E5 /* gtest-string.h */ = {isa = PBXFileReference; lastKnownFileType = sourcecode.c.h; path = "gtest-string.h"; sourceTree = "<group>"; };
		8E0315E616DB55B700A555E5 /* gtest-tuple.h */ = {isa = PBXFileReference; lastKnownFileType = sourcecode.c.h; path = "gtest-tuple.h"; sourceTree = "<group>"; };
		8E0315E716DB55B700A555E5 /* gtest-tuple.h.pump */ = {isa = PBXFileReference; lastKnownFileType = text; path = "gtest-tuple.h.pump"; sourceTree = "<group>"; };
		8E0315E816DB55B700A555E5 /* gtest-type-util.h */ = {isa = PBXFileReference; lastKnownFileType = sourcecode.c.h; path = "gtest-type-util.h"; sourceTree = "<group>"; };
		8E0315E916DB55B700A555E5 /* gtest-type-util.h.pump */ = {isa = PBXFileReference; lastKnownFileType = text; path = "gtest-type-util.h.pump"; sourceTree = "<group>"; };
		8E0315EA16DB55B700A555E5 /* libgtest.a */ = {isa = PBXFileReference; lastKnownFileType = archive.ar; path = libgtest.a; sourceTree = "<group>"; };
		8E0315EB16DB55B700A555E5 /* libgtest_main.a */ = {isa = PBXFileReference; lastKnownFileType = archive.ar; path = libgtest_main.a; sourceTree = "<group>"; };
		8E0315EE16DB55B700A555E5 /* libgtest.a */ = {isa = PBXFileReference; lastKnownFileType = archive.ar; path = libgtest.a; sourceTree = "<group>"; };
		8E0315EF16DB55B700A555E5 /* libgtest_main.a */ = {isa = PBXFileReference; lastKnownFileType = archive.ar; path = libgtest_main.a; sourceTree = "<group>"; };
		8E0315F116DB55B700A555E5 /* libgtest.a */ = {isa = PBXFileReference; lastKnownFileType = archive.ar; path = libgtest.a; sourceTree = "<group>"; };
		8E0315F216DB55B700A555E5 /* libgtest_main.a */ = {isa = PBXFileReference; lastKnownFileType = archive.ar; path = libgtest_main.a; sourceTree = "<group>"; };
		8E0315F316DB55B700A555E5 /* README.md */ = {isa = PBXFileReference; lastKnownFileType = text; path = README.md; sourceTree = "<group>"; };
		8EB6928216D5B5BE005BC387 /* test1 */ = {isa = PBXFileReference; explicitFileType = "compiled.mach-o.executable"; includeInIndex = 0; path = test1; sourceTree = BUILT_PRODUCTS_DIR; };
		8EB6928516D5B5BE005BC387 /* main.cpp */ = {isa = PBXFileReference; lastKnownFileType = sourcecode.cpp.cpp; path = main.cpp; sourceTree = "<group>"; };
/* End PBXFileReference section */

/* Begin PBXFrameworksBuildPhase section */
		8EB6927F16D5B5BE005BC387 /* Frameworks */ = {
			isa = PBXFrameworksBuildPhase;
			buildActionMask = 2147483647;
			files = (
				8E0315FA16DB55C500A555E5 /* gmock.a in Frameworks */,
			);
			runOnlyForDeploymentPostprocessing = 0;
		};
/* End PBXFrameworksBuildPhase section */

/* Begin PBXGroup section */
		8E03158216DB55B600A555E5 /* StudyCppUTest */ = {
			isa = PBXGroup;
			children = (
				8E03158316DB55B600A555E5 /* .gitignore */,
				8E03158416DB55B600A555E5 /* cpputest */,
				8E03158B16DB55B600A555E5 /* gmock-1.6.0 */,
				8E0315C616DB55B700A555E5 /* gtest */,
				8E0315F316DB55B700A555E5 /* README.md */,
			);
			name = StudyCppUTest;
			path = ../../..;
			sourceTree = "<group>";
		};
		8E03158416DB55B600A555E5 /* cpputest */ = {
			isa = PBXGroup;
			children = (
				8E03158516DB55B600A555E5 /* test1 */,
			);
			path = cpputest;
			sourceTree = "<group>";
		};
		8E03158516DB55B600A555E5 /* test1 */ = {
			isa = PBXGroup;
			children = (
				8E03158616DB55B600A555E5 /* test1 */,
				8E03158816DB55B600A555E5 /* test1.xcodeproj */,
			);
			path = test1;
			sourceTree = "<group>";
		};
		8E03158616DB55B600A555E5 /* test1 */ = {
			isa = PBXGroup;
			children = (
				8E03158716DB55B600A555E5 /* main.cpp */,
			);
			path = test1;
			sourceTree = "<group>";
		};
		8E03158916DB55B600A555E5 /* Products */ = {
			isa = PBXGroup;
			children = (
				8E0315F916DB55B700A555E5 /* test1 */,
			);
			name = Products;
			sourceTree = "<group>";
		};
		8E03158B16DB55B600A555E5 /* gmock-1.6.0 */ = {
			isa = PBXGroup;
			children = (
				8E03158C16DB55B600A555E5 /* examples */,
				8E03159416DB55B700A555E5 /* include */,
				8E0315C316DB55B700A555E5 /* lib */,
			);
			path = "gmock-1.6.0";
			sourceTree = "<group>";
		};
		8E03158C16DB55B600A555E5 /* examples */ = {
			isa = PBXGroup;
			children = (
				8E03158D16DB55B600A555E5 /* test1 */,
			);
			path = examples;
			sourceTree = "<group>";
		};
		8E03158D16DB55B600A555E5 /* test1 */ = {
			isa = PBXGroup;
			children = (
				8E03158E16DB55B600A555E5 /* test1 */,
				8E03159116DB55B700A555E5 /* test1.xcodeproj */,
			);
			path = test1;
			sourceTree = "<group>";
		};
		8E03158E16DB55B600A555E5 /* test1 */ = {
			isa = PBXGroup;
			children = (
				8E03158F16DB55B700A555E5 /* main.cpp */,
				8E03159016DB55B700A555E5 /* test1.1 */,
			);
			path = test1;
			sourceTree = "<group>";
		};
		8E03159216DB55B700A555E5 /* Products */ = {
			isa = PBXGroup;
			name = Products;
			sourceTree = "<group>";
		};
		8E03159416DB55B700A555E5 /* include */ = {
			isa = PBXGroup;
			children = (
				8E03159516DB55B700A555E5 /* gmock */,
				8E0315A916DB55B700A555E5 /* gtest */,
			);
			path = include;
			sourceTree = "<group>";
		};
		8E03159516DB55B700A555E5 /* gmock */ = {
			isa = PBXGroup;
			children = (
				8E03159616DB55B700A555E5 /* gmock-actions.h */,
				8E03159716DB55B700A555E5 /* gmock-cardinalities.h */,
				8E03159816DB55B700A555E5 /* gmock-generated-actions.h */,
				8E03159916DB55B700A555E5 /* gmock-generated-actions.h.pump */,
				8E03159A16DB55B700A555E5 /* gmock-generated-function-mockers.h */,
				8E03159B16DB55B700A555E5 /* gmock-generated-function-mockers.h.pump */,
				8E03159C16DB55B700A555E5 /* gmock-generated-matchers.h */,
				8E03159D16DB55B700A555E5 /* gmock-generated-matchers.h.pump */,
				8E03159E16DB55B700A555E5 /* gmock-generated-nice-strict.h */,
				8E03159F16DB55B700A555E5 /* gmock-generated-nice-strict.h.pump */,
				8E0315A016DB55B700A555E5 /* gmock-matchers.h */,
				8E0315A116DB55B700A555E5 /* gmock-more-actions.h */,
				8E0315A216DB55B700A555E5 /* gmock-spec-builders.h */,
				8E0315A316DB55B700A555E5 /* gmock.h */,
				8E0315A416DB55B700A555E5 /* internal */,
			);
			path = gmock;
			sourceTree = "<group>";
		};
		8E0315A416DB55B700A555E5 /* internal */ = {
			isa = PBXGroup;
			children = (
				8E0315A516DB55B700A555E5 /* gmock-generated-internal-utils.h */,
				8E0315A616DB55B700A555E5 /* gmock-generated-internal-utils.h.pump */,
				8E0315A716DB55B700A555E5 /* gmock-internal-utils.h */,
				8E0315A816DB55B700A555E5 /* gmock-port.h */,
			);
			path = internal;
			sourceTree = "<group>";
		};
		8E0315A916DB55B700A555E5 /* gtest */ = {
			isa = PBXGroup;
			children = (
				8E0315AA16DB55B700A555E5 /* gtest-death-test.h */,
				8E0315AB16DB55B700A555E5 /* gtest-message.h */,
				8E0315AC16DB55B700A555E5 /* gtest-param-test.h */,
				8E0315AD16DB55B700A555E5 /* gtest-param-test.h.pump */,
				8E0315AE16DB55B700A555E5 /* gtest-printers.h */,
				8E0315AF16DB55B700A555E5 /* gtest-spi.h */,
				8E0315B016DB55B700A555E5 /* gtest-test-part.h */,
				8E0315B116DB55B700A555E5 /* gtest-typed-test.h */,
				8E0315B216DB55B700A555E5 /* gtest.h */,
				8E0315B316DB55B700A555E5 /* gtest_pred_impl.h */,
				8E0315B416DB55B700A555E5 /* gtest_prod.h */,
				8E0315B516DB55B700A555E5 /* internal */,
			);
			path = gtest;
			sourceTree = "<group>";
		};
		8E0315B516DB55B700A555E5 /* internal */ = {
			isa = PBXGroup;
			children = (
				8E0315B616DB55B700A555E5 /* gtest-death-test-internal.h */,
				8E0315B716DB55B700A555E5 /* gtest-filepath.h */,
				8E0315B816DB55B700A555E5 /* gtest-internal.h */,
				8E0315B916DB55B700A555E5 /* gtest-linked_ptr.h */,
				8E0315BA16DB55B700A555E5 /* gtest-param-util-generated.h */,
				8E0315BB16DB55B700A555E5 /* gtest-param-util-generated.h.pump */,
				8E0315BC16DB55B700A555E5 /* gtest-param-util.h */,
				8E0315BD16DB55B700A555E5 /* gtest-port.h */,
				8E0315BE16DB55B700A555E5 /* gtest-string.h */,
				8E0315BF16DB55B700A555E5 /* gtest-tuple.h */,
				8E0315C016DB55B700A555E5 /* gtest-tuple.h.pump */,
				8E0315C116DB55B700A555E5 /* gtest-type-util.h */,
				8E0315C216DB55B700A555E5 /* gtest-type-util.h.pump */,
			);
			path = internal;
			sourceTree = "<group>";
		};
		8E0315C316DB55B700A555E5 /* lib */ = {
			isa = PBXGroup;
			children = (
				8E0315C416DB55B700A555E5 /* gmock.a */,
				8E0315C516DB55B700A555E5 /* gmock_main.a */,
			);
			path = lib;
			sourceTree = "<group>";
		};
		8E0315C616DB55B700A555E5 /* gtest */ = {
			isa = PBXGroup;
			children = (
				8E0315C716DB55B700A555E5 /* examples */,
				8E0315CF16DB55B700A555E5 /* include */,
				8E0315EC16DB55B700A555E5 /* lib */,
			);
			path = gtest;
			sourceTree = "<group>";
		};
		8E0315C716DB55B700A555E5 /* examples */ = {
			isa = PBXGroup;
			children = (
				8E0315C816DB55B700A555E5 /* test1 */,
			);
			path = examples;
			sourceTree = "<group>";
		};
		8E0315C816DB55B700A555E5 /* test1 */ = {
			isa = PBXGroup;
			children = (
				8E0315C916DB55B700A555E5 /* test1 */,
				8E0315CC16DB55B700A555E5 /* test1.xcodeproj */,
			);
			path = test1;
			sourceTree = "<group>";
		};
		8E0315C916DB55B700A555E5 /* test1 */ = {
			isa = PBXGroup;
			children = (
				8E0315CA16DB55B700A555E5 /* main.cpp */,
				8E0315CB16DB55B700A555E5 /* test1.1 */,
			);
			path = test1;
			sourceTree = "<group>";
		};
		8E0315CD16DB55B700A555E5 /* Products */ = {
			isa = PBXGroup;
			children = (
				8E0315F616DB55B700A555E5 /* test1 */,
			);
			name = Products;
			sourceTree = "<group>";
		};
		8E0315CF16DB55B700A555E5 /* include */ = {
			isa = PBXGroup;
			children = (
				8E0315D016DB55B700A555E5 /* gtest */,
			);
			path = include;
			sourceTree = "<group>";
		};
		8E0315D016DB55B700A555E5 /* gtest */ = {
			isa = PBXGroup;
			children = (
				8E0315D116DB55B700A555E5 /* gtest-death-test.h */,
				8E0315D216DB55B700A555E5 /* gtest-message.h */,
				8E0315D316DB55B700A555E5 /* gtest-param-test.h */,
				8E0315D416DB55B700A555E5 /* gtest-param-test.h.pump */,
				8E0315D516DB55B700A555E5 /* gtest-printers.h */,
				8E0315D616DB55B700A555E5 /* gtest-spi.h */,
				8E0315D716DB55B700A555E5 /* gtest-test-part.h */,
				8E0315D816DB55B700A555E5 /* gtest-typed-test.h */,
				8E0315D916DB55B700A555E5 /* gtest.h */,
				8E0315DA16DB55B700A555E5 /* gtest_pred_impl.h */,
				8E0315DB16DB55B700A555E5 /* gtest_prod.h */,
				8E0315DC16DB55B700A555E5 /* internal */,
				8E0315EA16DB55B700A555E5 /* libgtest.a */,
				8E0315EB16DB55B700A555E5 /* libgtest_main.a */,
			);
			path = gtest;
			sourceTree = "<group>";
		};
		8E0315DC16DB55B700A555E5 /* internal */ = {
			isa = PBXGroup;
			children = (
				8E0315DD16DB55B700A555E5 /* gtest-death-test-internal.h */,
				8E0315DE16DB55B700A555E5 /* gtest-filepath.h */,
				8E0315DF16DB55B700A555E5 /* gtest-internal.h */,
				8E0315E016DB55B700A555E5 /* gtest-linked_ptr.h */,
				8E0315E116DB55B700A555E5 /* gtest-param-util-generated.h */,
				8E0315E216DB55B700A555E5 /* gtest-param-util-generated.h.pump */,
				8E0315E316DB55B700A555E5 /* gtest-param-util.h */,
				8E0315E416DB55B700A555E5 /* gtest-port.h */,
				8E0315E516DB55B700A555E5 /* gtest-string.h */,
				8E0315E616DB55B700A555E5 /* gtest-tuple.h */,
				8E0315E716DB55B700A555E5 /* gtest-tuple.h.pump */,
				8E0315E816DB55B700A555E5 /* gtest-type-util.h */,
				8E0315E916DB55B700A555E5 /* gtest-type-util.h.pump */,
			);
			path = internal;
			sourceTree = "<group>";
		};
		8E0315EC16DB55B700A555E5 /* lib */ = {
			isa = PBXGroup;
			children = (
				8E0315ED16DB55B700A555E5 /* Debug */,
				8E0315F016DB55B700A555E5 /* Release */,
			);
			path = lib;
			sourceTree = "<group>";
		};
		8E0315ED16DB55B700A555E5 /* Debug */ = {
			isa = PBXGroup;
			children = (
				8E0315EE16DB55B700A555E5 /* libgtest.a */,
				8E0315EF16DB55B700A555E5 /* libgtest_main.a */,
			);
			path = Debug;
			sourceTree = "<group>";
		};
		8E0315F016DB55B700A555E5 /* Release */ = {
			isa = PBXGroup;
			children = (
				8E0315F116DB55B700A555E5 /* libgtest.a */,
				8E0315F216DB55B700A555E5 /* libgtest_main.a */,
			);
			path = Release;
			sourceTree = "<group>";
		};
		8EB6927916D5B5BE005BC387 = {
			isa = PBXGroup;
			children = (
				8E03158216DB55B600A555E5 /* StudyCppUTest */,
				8EB6928416D5B5BE005BC387 /* test1 */,
				8EB6928316D5B5BE005BC387 /* Products */,
			);
			sourceTree = "<group>";
		};
		8EB6928316D5B5BE005BC387 /* Products */ = {
			isa = PBXGroup;
			children = (
				8EB6928216D5B5BE005BC387 /* test1 */,
			);
			name = Products;
			sourceTree = "<group>";
		};
		8EB6928416D5B5BE005BC387 /* test1 */ = {
			isa = PBXGroup;
			children = (
				8EB6928516D5B5BE005BC387 /* main.cpp */,
			);
			path = test1;
			sourceTree = "<group>";
		};
/* End PBXGroup section */

/* Begin PBXNativeTarget section */
		8EB6928116D5B5BE005BC387 /* test1 */ = {
			isa = PBXNativeTarget;
			buildConfigurationList = 8EB6928B16D5B5BE005BC387 /* Build configuration list for PBXNativeTarget "test1" */;
			buildPhases = (
				8EB6927E16D5B5BE005BC387 /* Sources */,
				8EB6927F16D5B5BE005BC387 /* Frameworks */,
				8EB6928016D5B5BE005BC387 /* CopyFiles */,
			);
			buildRules = (
			);
			dependencies = (
			);
			name = test1;
			productName = test1;
			productReference = 8EB6928216D5B5BE005BC387 /* test1 */;
			productType = "com.apple.product-type.tool";
		};
/* End PBXNativeTarget section */

/* Begin PBXProject section */
		8EB6927A16D5B5BE005BC387 /* Project object */ = {
			isa = PBXProject;
			attributes = {
				LastUpgradeCheck = 0460;
				ORGANIZATIONNAME = wolf76;
			};
			buildConfigurationList = 8EB6927D16D5B5BE005BC387 /* Build configuration list for PBXProject "test1" */;
			compatibilityVersion = "Xcode 3.2";
			developmentRegion = English;
			hasScannedForEncodings = 0;
			knownRegions = (
				en,
			);
			mainGroup = 8EB6927916D5B5BE005BC387;
			productRefGroup = 8EB6928316D5B5BE005BC387 /* Products */;
			projectDirPath = "";
			projectReferences = (
				{
					ProductGroup = 8E0315CD16DB55B700A555E5 /* Products */;
					ProjectRef = 8E0315CC16DB55B700A555E5 /* test1.xcodeproj */;
				},
				{
					ProductGroup = 8E03158916DB55B600A555E5 /* Products */;
					ProjectRef = 8E03158816DB55B600A555E5 /* test1.xcodeproj */;
				},
				{
					ProductGroup = 8E03159216DB55B700A555E5 /* Products */;
					ProjectRef = 8E03159116DB55B700A555E5 /* test1.xcodeproj */;
				},
			);
			projectRoot = "";
			targets = (
				8EB6928116D5B5BE005BC387 /* test1 */,
			);
		};
/* End PBXProject section */

/* Begin PBXReferenceProxy section */
		8E0315F616DB55B700A555E5 /* test1 */ = {
			isa = PBXReferenceProxy;
			fileType = "compiled.mach-o.executable";
			path = test1;
			remoteRef = 8E0315F516DB55B700A555E5 /* PBXContainerItemProxy */;
			sourceTree = BUILT_PRODUCTS_DIR;
		};
		8E0315F916DB55B700A555E5 /* test1 */ = {
			isa = PBXReferenceProxy;
			fileType = "compiled.mach-o.executable";
			path = test1;
			remoteRef = 8E0315F816DB55B700A555E5 /* PBXContainerItemProxy */;
			sourceTree = BUILT_PRODUCTS_DIR;
		};
/* End PBXReferenceProxy section */

/* Begin PBXSourcesBuildPhase section */
		8EB6927E16D5B5BE005BC387 /* Sources */ = {
			isa = PBXSourcesBuildPhase;
			buildActionMask = 2147483647;
			files = (
				8EB6928616D5B5BE005BC387 /* main.cpp in Sources */,
			);
			runOnlyForDeploymentPostprocessing = 0;
		};
/* End PBXSourcesBuildPhase section */

/* Begin XCBuildConfiguration section */
		8EB6928916D5B5BE005BC387 /* Debug */ = {
			isa = XCBuildConfiguration;
			buildSettings = {
				ALWAYS_SEARCH_USER_PATHS = NO;
				ARCHS = "$(ARCHS_STANDARD_64_BIT)";
				CLANG_CXX_LANGUAGE_STANDARD = "gnu++0x";
				CLANG_CXX_LIBRARY = "compiler-default";
				CLANG_WARN_CONSTANT_CONVERSION = YES;
				CLANG_WARN_EMPTY_BODY = YES;
				CLANG_WARN_ENUM_CONVERSION = YES;
				CLANG_WARN_INT_CONVERSION = YES;
				CLANG_WARN__DUPLICATE_METHOD_MATCH = YES;
				COPY_PHASE_STRIP = NO;
				GCC_C_LANGUAGE_STANDARD = gnu99;
				GCC_DYNAMIC_NO_PIC = NO;
				GCC_ENABLE_OBJC_EXCEPTIONS = YES;
				GCC_OPTIMIZATION_LEVEL = 0;
				GCC_PREPROCESSOR_DEFINITIONS = (
					"DEBUG=1",
					"$(inherited)",
				);
				GCC_SYMBOLS_PRIVATE_EXTERN = NO;
				GCC_WARN_64_TO_32_BIT_CONVERSION = YES;
				GCC_WARN_ABOUT_RETURN_TYPE = YES;
				GCC_WARN_UNINITIALIZED_AUTOS = YES;
				GCC_WARN_UNUSED_VARIABLE = YES;
				HEADER_SEARCH_PATHS = "$(SRCROOT)/../../include";
				LIBRARY_SEARCH_PATHS = "";
				MACOSX_DEPLOYMENT_TARGET = 10.8;
				ONLY_ACTIVE_ARCH = YES;
				SDKROOT = macosx;
			};
			name = Debug;
		};
		8EB6928A16D5B5BE005BC387 /* Release */ = {
			isa = XCBuildConfiguration;
			buildSettings = {
				ALWAYS_SEARCH_USER_PATHS = NO;
				ARCHS = "$(ARCHS_STANDARD_64_BIT)";
				CLANG_CXX_LANGUAGE_STANDARD = "gnu++0x";
				CLANG_CXX_LIBRARY = "compiler-default";
				CLANG_WARN_CONSTANT_CONVERSION = YES;
				CLANG_WARN_EMPTY_BODY = YES;
				CLANG_WARN_ENUM_CONVERSION = YES;
				CLANG_WARN_INT_CONVERSION = YES;
				CLANG_WARN__DUPLICATE_METHOD_MATCH = YES;
				COPY_PHASE_STRIP = YES;
				DEBUG_INFORMATION_FORMAT = "dwarf-with-dsym";
				GCC_C_LANGUAGE_STANDARD = gnu99;
				GCC_ENABLE_OBJC_EXCEPTIONS = YES;
				GCC_WARN_64_TO_32_BIT_CONVERSION = YES;
				GCC_WARN_ABOUT_RETURN_TYPE = YES;
				GCC_WARN_UNINITIALIZED_AUTOS = YES;
				GCC_WARN_UNUSED_VARIABLE = YES;
				HEADER_SEARCH_PATHS = "$(SRCROOT)/../../include";
				LIBRARY_SEARCH_PATHS = "";
				MACOSX_DEPLOYMENT_TARGET = 10.8;
				SDKROOT = macosx;
			};
			name = Release;
		};
		8EB6928C16D5B5BE005BC387 /* Debug */ = {
			isa = XCBuildConfiguration;
			buildSettings = {
				LIBRARY_SEARCH_PATHS = (
					"$(inherited)",
					"\"$(SRCROOT)/../../lib\"",
				);
				PRODUCT_NAME = "$(TARGET_NAME)";
			};
			name = Debug;
		};
		8EB6928D16D5B5BE005BC387 /* Release */ = {
			isa = XCBuildConfiguration;
			buildSettings = {
				LIBRARY_SEARCH_PATHS = (
					"$(inherited)",
					"\"$(SRCROOT)/../../lib\"",
				);
				PRODUCT_NAME = "$(TARGET_NAME)";
			};
			name = Release;
		};
/* End XCBuildConfiguration section */

/* Begin XCConfigurationList section */
		8EB6927D16D5B5BE005BC387 /* Build configuration list for PBXProject "test1" */ = {
			isa = XCConfigurationList;
			buildConfigurations = (
				8EB6928916D5B5BE005BC387 /* Debug */,
				8EB6928A16D5B5BE005BC387 /* Release */,
			);
			defaultConfigurationIsVisible = 0;
			defaultConfigurationName = Release;
		};
		8EB6928B16D5B5BE005BC387 /* Build configuration list for PBXNativeTarget "test1" */ = {
			isa = XCConfigurationList;
			buildConfigurations = (
				8EB6928C16D5B5BE005BC387 /* Debug */,
				8EB6928D16D5B5BE005BC387 /* Release */,
			);
			defaultConfigurationIsVisible = 0;
			defaultConfigurationName = Release;
		};
/* End XCConfigurationList section */
	};
	rootObject = 8EB6927A16D5B5BE005BC387 /* Project object */;
}
