// !$*UTF8*$!
{
	archiveVersion = 1;
	classes = {
	};
	objectVersion = 46;
	objects = {

/* Begin PBXBuildFile section */
		8E7D281B16E5F1A90070D83D /* main.cpp in Sources */ = {isa = PBXBuildFile; fileRef = 8E7D281A16E5F1A90070D83D /* main.cpp */; };
		8E7D282516E5F20C0070D83D /* Card.cpp in Sources */ = {isa = PBXBuildFile; fileRef = 8E7D282316E5F20C0070D83D /* Card.cpp */; };
		8E7D282A16E5F2950070D83D /* gmock.a in Frameworks */ = {isa = PBXBuildFile; fileRef = 8E7D282916E5F2940070D83D /* gmock.a */; };
		8E7D282D16E5F89E0070D83D /* TestCard.cpp in Sources */ = {isa = PBXBuildFile; fileRef = 8E7D282B16E5F89D0070D83D /* TestCard.cpp */; };
		8E93E36816E831C70023A267 /* Hand.cpp in Sources */ = {isa = PBXBuildFile; fileRef = 8E93E36616E831C70023A267 /* Hand.cpp */; };
		8E93E36B16E8338B0023A267 /* Game.cpp in Sources */ = {isa = PBXBuildFile; fileRef = 8E93E36916E8338B0023A267 /* Game.cpp */; };
/* End PBXBuildFile section */

/* Begin PBXCopyFilesBuildPhase section */
		8E7D281516E5F1A90070D83D /* CopyFiles */ = {
			isa = PBXCopyFilesBuildPhase;
			buildActionMask = 2147483647;
			dstPath = /usr/share/man/man1/;
			dstSubfolderSpec = 0;
			files = (
			);
			runOnlyForDeploymentPostprocessing = 1;
		};
/* End PBXCopyFilesBuildPhase section */

/* Begin PBXFileReference section */
		8E7D281716E5F1A90070D83D /* Pokerhands */ = {isa = PBXFileReference; explicitFileType = "compiled.mach-o.executable"; includeInIndex = 0; path = Pokerhands; sourceTree = BUILT_PRODUCTS_DIR; };
		8E7D281A16E5F1A90070D83D /* main.cpp */ = {isa = PBXFileReference; lastKnownFileType = sourcecode.cpp.cpp; path = main.cpp; sourceTree = "<group>"; };
		8E7D282316E5F20C0070D83D /* Card.cpp */ = {isa = PBXFileReference; fileEncoding = 4; lastKnownFileType = sourcecode.cpp.cpp; path = Card.cpp; sourceTree = "<group>"; };
		8E7D282416E5F20C0070D83D /* Card.h */ = {isa = PBXFileReference; fileEncoding = 4; lastKnownFileType = sourcecode.c.h; path = Card.h; sourceTree = "<group>"; };
		8E7D282916E5F2940070D83D /* gmock.a */ = {isa = PBXFileReference; lastKnownFileType = archive.ar; name = gmock.a; path = ../../lib/gmock.a; sourceTree = "<group>"; };
		8E7D282B16E5F89D0070D83D /* TestCard.cpp */ = {isa = PBXFileReference; fileEncoding = 4; lastKnownFileType = sourcecode.cpp.cpp; path = TestCard.cpp; sourceTree = "<group>"; };
		8E93E36616E831C70023A267 /* Hand.cpp */ = {isa = PBXFileReference; fileEncoding = 4; lastKnownFileType = sourcecode.cpp.cpp; path = Hand.cpp; sourceTree = "<group>"; };
		8E93E36716E831C70023A267 /* Hand.h */ = {isa = PBXFileReference; fileEncoding = 4; lastKnownFileType = sourcecode.c.h; path = Hand.h; sourceTree = "<group>"; };
		8E93E36916E8338B0023A267 /* Game.cpp */ = {isa = PBXFileReference; fileEncoding = 4; lastKnownFileType = sourcecode.cpp.cpp; path = Game.cpp; sourceTree = "<group>"; };
		8E93E36A16E8338B0023A267 /* Game.h */ = {isa = PBXFileReference; fileEncoding = 4; lastKnownFileType = sourcecode.c.h; path = Game.h; sourceTree = "<group>"; };
/* End PBXFileReference section */

/* Begin PBXFrameworksBuildPhase section */
		8E7D281416E5F1A90070D83D /* Frameworks */ = {
			isa = PBXFrameworksBuildPhase;
			buildActionMask = 2147483647;
			files = (
				8E7D282A16E5F2950070D83D /* gmock.a in Frameworks */,
			);
			runOnlyForDeploymentPostprocessing = 0;
		};
/* End PBXFrameworksBuildPhase section */

/* Begin PBXGroup section */
		8E7D280E16E5F1A90070D83D = {
			isa = PBXGroup;
			children = (
				8E7D282916E5F2940070D83D /* gmock.a */,
				8E7D281916E5F1A90070D83D /* Pokerhands */,
				8E7D281816E5F1A90070D83D /* Products */,
			);
			sourceTree = "<group>";
		};
		8E7D281816E5F1A90070D83D /* Products */ = {
			isa = PBXGroup;
			children = (
				8E7D281716E5F1A90070D83D /* Pokerhands */,
			);
			name = Products;
			sourceTree = "<group>";
		};
		8E7D281916E5F1A90070D83D /* Pokerhands */ = {
			isa = PBXGroup;
			children = (
				8E7D281A16E5F1A90070D83D /* main.cpp */,
				8E7D282316E5F20C0070D83D /* Card.cpp */,
				8E7D282416E5F20C0070D83D /* Card.h */,
				8E93E36616E831C70023A267 /* Hand.cpp */,
				8E93E36716E831C70023A267 /* Hand.h */,
				8E93E36916E8338B0023A267 /* Game.cpp */,
				8E93E36A16E8338B0023A267 /* Game.h */,
				8E93E36C16E8365E0023A267 /* test */,
			);
			path = Pokerhands;
			sourceTree = "<group>";
		};
		8E93E36C16E8365E0023A267 /* test */ = {
			isa = PBXGroup;
			children = (
				8E7D282B16E5F89D0070D83D /* TestCard.cpp */,
			);
			name = test;
			sourceTree = "<group>";
		};
/* End PBXGroup section */

/* Begin PBXNativeTarget section */
		8E7D281616E5F1A90070D83D /* Pokerhands */ = {
			isa = PBXNativeTarget;
			buildConfigurationList = 8E7D282016E5F1A90070D83D /* Build configuration list for PBXNativeTarget "Pokerhands" */;
			buildPhases = (
				8E7D281316E5F1A90070D83D /* Sources */,
				8E7D281416E5F1A90070D83D /* Frameworks */,
				8E7D281516E5F1A90070D83D /* CopyFiles */,
			);
			buildRules = (
			);
			dependencies = (
			);
			name = Pokerhands;
			productName = Pokerhands;
			productReference = 8E7D281716E5F1A90070D83D /* Pokerhands */;
			productType = "com.apple.product-type.tool";
		};
/* End PBXNativeTarget section */

/* Begin PBXProject section */
		8E7D280F16E5F1A90070D83D /* Project object */ = {
			isa = PBXProject;
			attributes = {
				LastUpgradeCheck = 0460;
				ORGANIZATIONNAME = wolf76;
			};
			buildConfigurationList = 8E7D281216E5F1A90070D83D /* Build configuration list for PBXProject "Pokerhands" */;
			compatibilityVersion = "Xcode 3.2";
			developmentRegion = English;
			hasScannedForEncodings = 0;
			knownRegions = (
				en,
			);
			mainGroup = 8E7D280E16E5F1A90070D83D;
			productRefGroup = 8E7D281816E5F1A90070D83D /* Products */;
			projectDirPath = "";
			projectRoot = "";
			targets = (
				8E7D281616E5F1A90070D83D /* Pokerhands */,
			);
		};
/* End PBXProject section */

/* Begin PBXSourcesBuildPhase section */
		8E7D281316E5F1A90070D83D /* Sources */ = {
			isa = PBXSourcesBuildPhase;
			buildActionMask = 2147483647;
			files = (
				8E7D281B16E5F1A90070D83D /* main.cpp in Sources */,
				8E7D282516E5F20C0070D83D /* Card.cpp in Sources */,
				8E7D282D16E5F89E0070D83D /* TestCard.cpp in Sources */,
				8E93E36816E831C70023A267 /* Hand.cpp in Sources */,
				8E93E36B16E8338B0023A267 /* Game.cpp in Sources */,
			);
			runOnlyForDeploymentPostprocessing = 0;
		};
/* End PBXSourcesBuildPhase section */

/* Begin XCBuildConfiguration section */
		8E7D281E16E5F1A90070D83D /* Debug */ = {
			isa = XCBuildConfiguration;
			buildSettings = {
				ALWAYS_SEARCH_USER_PATHS = NO;
				ARCHS = "$(ARCHS_STANDARD_64_BIT)";
				CLANG_CXX_LANGUAGE_STANDARD = "gnu++0x";
				CLANG_CXX_LIBRARY = "compiler-default";
				CLANG_WARN_CONSTANT_CONVERSION = YES;
				CLANG_WARN_EMPTY_BODY = YES;
				CLANG_WARN_ENUM_CONVERSION = YES;
				CLANG_WARN_INT_CONVERSION = YES;
				CLANG_WARN__DUPLICATE_METHOD_MATCH = YES;
				COPY_PHASE_STRIP = NO;
				GCC_C_LANGUAGE_STANDARD = gnu99;
				GCC_DYNAMIC_NO_PIC = NO;
				GCC_ENABLE_OBJC_EXCEPTIONS = YES;
				GCC_OPTIMIZATION_LEVEL = 0;
				GCC_PREPROCESSOR_DEFINITIONS = (
					"DEBUG=1",
					"$(inherited)",
				);
				GCC_SYMBOLS_PRIVATE_EXTERN = NO;
				GCC_WARN_64_TO_32_BIT_CONVERSION = YES;
				GCC_WARN_ABOUT_RETURN_TYPE = YES;
				GCC_WARN_UNINITIALIZED_AUTOS = YES;
				GCC_WARN_UNUSED_VARIABLE = YES;
				HEADER_SEARCH_PATHS = "$(SRCROOT)/../../include";
				MACOSX_DEPLOYMENT_TARGET = 10.8;
				ONLY_ACTIVE_ARCH = YES;
				SDKROOT = macosx;
			};
			name = Debug;
		};
		8E7D281F16E5F1A90070D83D /* Release */ = {
			isa = XCBuildConfiguration;
			buildSettings = {
				ALWAYS_SEARCH_USER_PATHS = NO;
				ARCHS = "$(ARCHS_STANDARD_64_BIT)";
				CLANG_CXX_LANGUAGE_STANDARD = "gnu++0x";
				CLANG_CXX_LIBRARY = "compiler-default";
				CLANG_WARN_CONSTANT_CONVERSION = YES;
				CLANG_WARN_EMPTY_BODY = YES;
				CLANG_WARN_ENUM_CONVERSION = YES;
				CLANG_WARN_INT_CONVERSION = YES;
				CLANG_WARN__DUPLICATE_METHOD_MATCH = YES;
				COPY_PHASE_STRIP = YES;
				DEBUG_INFORMATION_FORMAT = "dwarf-with-dsym";
				GCC_C_LANGUAGE_STANDARD = gnu99;
				GCC_ENABLE_OBJC_EXCEPTIONS = YES;
				GCC_WARN_64_TO_32_BIT_CONVERSION = YES;
				GCC_WARN_ABOUT_RETURN_TYPE = YES;
				GCC_WARN_UNINITIALIZED_AUTOS = YES;
				GCC_WARN_UNUSED_VARIABLE = YES;
				HEADER_SEARCH_PATHS = "$(SRCROOT)/../../include";
				MACOSX_DEPLOYMENT_TARGET = 10.8;
				SDKROOT = macosx;
			};
			name = Release;
		};
		8E7D282116E5F1A90070D83D /* Debug */ = {
			isa = XCBuildConfiguration;
			buildSettings = {
				LIBRARY_SEARCH_PATHS = (
					"$(inherited)",
					"\"$(SRCROOT)/../../lib\"",
				);
				PRODUCT_NAME = "$(TARGET_NAME)";
			};
			name = Debug;
		};
		8E7D282216E5F1A90070D83D /* Release */ = {
			isa = XCBuildConfiguration;
			buildSettings = {
				LIBRARY_SEARCH_PATHS = (
					"$(inherited)",
					"\"$(SRCROOT)/../../lib\"",
				);
				PRODUCT_NAME = "$(TARGET_NAME)";
			};
			name = Release;
		};
/* End XCBuildConfiguration section */

/* Begin XCConfigurationList section */
		8E7D281216E5F1A90070D83D /* Build configuration list for PBXProject "Pokerhands" */ = {
			isa = XCConfigurationList;
			buildConfigurations = (
				8E7D281E16E5F1A90070D83D /* Debug */,
				8E7D281F16E5F1A90070D83D /* Release */,
			);
			defaultConfigurationIsVisible = 0;
			defaultConfigurationName = Release;
		};
		8E7D282016E5F1A90070D83D /* Build configuration list for PBXNativeTarget "Pokerhands" */ = {
			isa = XCConfigurationList;
			buildConfigurations = (
				8E7D282116E5F1A90070D83D /* Debug */,
				8E7D282216E5F1A90070D83D /* Release */,
			);
			defaultConfigurationIsVisible = 0;
			defaultConfigurationName = Release;
		};
/* End XCConfigurationList section */
	};
	rootObject = 8E7D280F16E5F1A90070D83D /* Project object */;
}
