// !$*UTF8*$!
{
	archiveVersion = 1;
	classes = {
	};
	objectVersion = 46;
	objects = {

/* Begin PBXBuildFile section */
		BFB4DE171898F2BD0021AEE6 /* rvalue_reference.cpp in Sources */ = {isa = PBXBuildFile; fileRef = BFB4DE151898F2BD0021AEE6 /* rvalue_reference.cpp */; };
		BFDE455B18752FF60090FEE1 /* shared_ptr.cpp in Sources */ = {isa = PBXBuildFile; fileRef = BFDE455918752FF60090FEE1 /* shared_ptr.cpp */; };
/* End PBXBuildFile section */

/* Begin PBXCopyFilesBuildPhase section */
		BFDE454818752A930090FEE1 /* CopyFiles */ = {
			isa = PBXCopyFilesBuildPhase;
			buildActionMask = 2147483647;
			dstPath = /usr/share/man/man1/;
			dstSubfolderSpec = 0;
			files = (
			);
			runOnlyForDeploymentPostprocessing = 1;
		};
/* End PBXCopyFilesBuildPhase section */

/* Begin PBXFileReference section */
		BFB4DE151898F2BD0021AEE6 /* rvalue_reference.cpp */ = {isa = PBXFileReference; fileEncoding = 4; lastKnownFileType = sourcecode.cpp.cpp; path = rvalue_reference.cpp; sourceTree = "<group>"; };
		BFDE454A18752A930090FEE1 /* Cpp11 */ = {isa = PBXFileReference; explicitFileType = "compiled.mach-o.executable"; includeInIndex = 0; path = Cpp11; sourceTree = BUILT_PRODUCTS_DIR; };
		BFDE455918752FF60090FEE1 /* shared_ptr.cpp */ = {isa = PBXFileReference; fileEncoding = 4; lastKnownFileType = sourcecode.cpp.cpp; path = shared_ptr.cpp; sourceTree = "<group>"; };
/* End PBXFileReference section */

/* Begin PBXFrameworksBuildPhase section */
		BFDE454718752A930090FEE1 /* Frameworks */ = {
			isa = PBXFrameworksBuildPhase;
			buildActionMask = 2147483647;
			files = (
			);
			runOnlyForDeploymentPostprocessing = 0;
		};
/* End PBXFrameworksBuildPhase section */

/* Begin PBXGroup section */
		BFDE454118752A930090FEE1 = {
			isa = PBXGroup;
			children = (
				BFDE454C18752A930090FEE1 /* Cpp11 */,
				BFDE454B18752A930090FEE1 /* Products */,
			);
			sourceTree = "<group>";
		};
		BFDE454B18752A930090FEE1 /* Products */ = {
			isa = PBXGroup;
			children = (
				BFDE454A18752A930090FEE1 /* Cpp11 */,
			);
			name = Products;
			sourceTree = "<group>";
		};
		BFDE454C18752A930090FEE1 /* Cpp11 */ = {
			isa = PBXGroup;
			children = (
				BFDE455918752FF60090FEE1 /* shared_ptr.cpp */,
				BFB4DE151898F2BD0021AEE6 /* rvalue_reference.cpp */,
			);
			path = Cpp11;
			sourceTree = "<group>";
		};
/* End PBXGroup section */

/* Begin PBXNativeTarget section */
		BFDE454918752A930090FEE1 /* Cpp11 */ = {
			isa = PBXNativeTarget;
			buildConfigurationList = BFDE455318752A930090FEE1 /* Build configuration list for PBXNativeTarget "Cpp11" */;
			buildPhases = (
				BFDE454618752A930090FEE1 /* Sources */,
				BFDE454718752A930090FEE1 /* Frameworks */,
				BFDE454818752A930090FEE1 /* CopyFiles */,
			);
			buildRules = (
			);
			dependencies = (
			);
			name = Cpp11;
			productName = Cpp11;
			productReference = BFDE454A18752A930090FEE1 /* Cpp11 */;
			productType = "com.apple.product-type.tool";
		};
/* End PBXNativeTarget section */

/* Begin PBXProject section */
		BFDE454218752A930090FEE1 /* Project object */ = {
			isa = PBXProject;
			attributes = {
				LastUpgradeCheck = 0500;
				ORGANIZATIONNAME = Jun;
			};
			buildConfigurationList = BFDE454518752A930090FEE1 /* Build configuration list for PBXProject "Cpp11" */;
			compatibilityVersion = "Xcode 3.2";
			developmentRegion = English;
			hasScannedForEncodings = 0;
			knownRegions = (
				en,
			);
			mainGroup = BFDE454118752A930090FEE1;
			productRefGroup = BFDE454B18752A930090FEE1 /* Products */;
			projectDirPath = "";
			projectRoot = "";
			targets = (
				BFDE454918752A930090FEE1 /* Cpp11 */,
			);
		};
/* End PBXProject section */

/* Begin PBXSourcesBuildPhase section */
		BFDE454618752A930090FEE1 /* Sources */ = {
			isa = PBXSourcesBuildPhase;
			buildActionMask = 2147483647;
			files = (
				BFB4DE171898F2BD0021AEE6 /* rvalue_reference.cpp in Sources */,
				BFDE455B18752FF60090FEE1 /* shared_ptr.cpp in Sources */,
			);
			runOnlyForDeploymentPostprocessing = 0;
		};
/* End PBXSourcesBuildPhase section */

/* Begin XCBuildConfiguration section */
		BFDE455118752A930090FEE1 /* Debug */ = {
			isa = XCBuildConfiguration;
			buildSettings = {
				ALWAYS_SEARCH_USER_PATHS = NO;
				CLANG_CXX_LANGUAGE_STANDARD = "gnu++0x";
				CLANG_CXX_LIBRARY = "libc++";
				CLANG_ENABLE_OBJC_ARC = YES;
				CLANG_WARN_BOOL_CONVERSION = YES;
				CLANG_WARN_CONSTANT_CONVERSION = YES;
				CLANG_WARN_DIRECT_OBJC_ISA_USAGE = YES_ERROR;
				CLANG_WARN_EMPTY_BODY = YES;
				CLANG_WARN_ENUM_CONVERSION = YES;
				CLANG_WARN_INT_CONVERSION = YES;
				CLANG_WARN_OBJC_ROOT_CLASS = YES_ERROR;
				CLANG_WARN__DUPLICATE_METHOD_MATCH = YES;
				COPY_PHASE_STRIP = NO;
				GCC_C_LANGUAGE_STANDARD = gnu99;
				GCC_DYNAMIC_NO_PIC = NO;
				GCC_ENABLE_OBJC_EXCEPTIONS = YES;
				GCC_OPTIMIZATION_LEVEL = 0;
				GCC_PREPROCESSOR_DEFINITIONS = (
					"DEBUG=1",
					"$(inherited)",
				);
				GCC_SYMBOLS_PRIVATE_EXTERN = NO;
				GCC_WARN_64_TO_32_BIT_CONVERSION = YES;
				GCC_WARN_ABOUT_RETURN_TYPE = YES_ERROR;
				GCC_WARN_UNDECLARED_SELECTOR = YES;
				GCC_WARN_UNINITIALIZED_AUTOS = YES;
				GCC_WARN_UNUSED_FUNCTION = YES;
				GCC_WARN_UNUSED_VARIABLE = YES;
				HEADER_SEARCH_PATHS = "$(SRCROOT)/../include";
				LIBRARY_SEARCH_PATHS = "$(SRCROOT)/../lib";
				MACOSX_DEPLOYMENT_TARGET = 10.9;
				ONLY_ACTIVE_ARCH = YES;
				OTHER_LDFLAGS = "-lgmock_main";
				SDKROOT = macosx;
			};
			name = Debug;
		};
		BFDE455218752A930090FEE1 /* Release */ = {
			isa = XCBuildConfiguration;
			buildSettings = {
				ALWAYS_SEARCH_USER_PATHS = NO;
				CLANG_CXX_LANGUAGE_STANDARD = "gnu++0x";
				CLANG_CXX_LIBRARY = "libc++";
				CLANG_ENABLE_OBJC_ARC = YES;
				CLANG_WARN_BOOL_CONVERSION = YES;
				CLANG_WARN_CONSTANT_CONVERSION = YES;
				CLANG_WARN_DIRECT_OBJC_ISA_USAGE = YES_ERROR;
				CLANG_WARN_EMPTY_BODY = YES;
				CLANG_WARN_ENUM_CONVERSION = YES;
				CLANG_WARN_INT_CONVERSION = YES;
				CLANG_WARN_OBJC_ROOT_CLASS = YES_ERROR;
				CLANG_WARN__DUPLICATE_METHOD_MATCH = YES;
				COPY_PHASE_STRIP = YES;
				DEBUG_INFORMATION_FORMAT = "dwarf-with-dsym";
				ENABLE_NS_ASSERTIONS = NO;
				GCC_C_LANGUAGE_STANDARD = gnu99;
				GCC_ENABLE_OBJC_EXCEPTIONS = YES;
				GCC_WARN_64_TO_32_BIT_CONVERSION = YES;
				GCC_WARN_ABOUT_RETURN_TYPE = YES_ERROR;
				GCC_WARN_UNDECLARED_SELECTOR = YES;
				GCC_WARN_UNINITIALIZED_AUTOS = YES;
				GCC_WARN_UNUSED_FUNCTION = YES;
				GCC_WARN_UNUSED_VARIABLE = YES;
				HEADER_SEARCH_PATHS = "$(SRCROOT)/../include";
				LIBRARY_SEARCH_PATHS = "$(SRCROOT)/../lib";
				MACOSX_DEPLOYMENT_TARGET = 10.9;
				OTHER_LDFLAGS = "-lgmock_main";
				SDKROOT = macosx;
			};
			name = Release;
		};
		BFDE455418752A930090FEE1 /* Debug */ = {
			isa = XCBuildConfiguration;
			buildSettings = {
				PRODUCT_NAME = "$(TARGET_NAME)";
			};
			name = Debug;
		};
		BFDE455518752A930090FEE1 /* Release */ = {
			isa = XCBuildConfiguration;
			buildSettings = {
				PRODUCT_NAME = "$(TARGET_NAME)";
			};
			name = Release;
		};
/* End XCBuildConfiguration section */

/* Begin XCConfigurationList section */
		BFDE454518752A930090FEE1 /* Build configuration list for PBXProject "Cpp11" */ = {
			isa = XCConfigurationList;
			buildConfigurations = (
				BFDE455118752A930090FEE1 /* Debug */,
				BFDE455218752A930090FEE1 /* Release */,
			);
			defaultConfigurationIsVisible = 0;
			defaultConfigurationName = Release;
		};
		BFDE455318752A930090FEE1 /* Build configuration list for PBXNativeTarget "Cpp11" */ = {
			isa = XCConfigurationList;
			buildConfigurations = (
				BFDE455418752A930090FEE1 /* Debug */,
				BFDE455518752A930090FEE1 /* Release */,
			);
			defaultConfigurationIsVisible = 0;
			defaultConfigurationName = Release;
		};
/* End XCConfigurationList section */
	};
	rootObject = BFDE454218752A930090FEE1 /* Project object */;
}
