// !$*UTF8*$!
{
	archiveVersion = 1;
	classes = {
	};
	objectVersion = 46;
	objects = {

/* Begin PBXBuildFile section */
		8E00CF7A17ACF6D500F281A3 /* main.cpp in Sources */ = {isa = PBXBuildFile; fileRef = 8E00CF7917ACF6D500F281A3 /* main.cpp */; };
		8E0261B21830800400C319C4 /* jdoj1369.cpp in Sources */ = {isa = PBXBuildFile; fileRef = 8E0261B01830800400C319C4 /* jdoj1369.cpp */; };
		8E0E026B1834AB75008EEB25 /* jdoj1352.cpp in Sources */ = {isa = PBXBuildFile; fileRef = 8E0E02691834AB75008EEB25 /* jdoj1352.cpp */; };
		8E0E026C1834C0A8008EEB25 /* jdoj1369.txt in CopyFiles */ = {isa = PBXBuildFile; fileRef = 8E0261B318308E4D00C319C4 /* jdoj1369.txt */; };
		8E0E026D1834C2B8008EEB25 /* hdoj1010.txt in CopyFiles */ = {isa = PBXBuildFile; fileRef = 8EB7D65E17BA06B0001CCD32 /* hdoj1010.txt */; };
		8E0E026E1834C2B8008EEB25 /* hdoj1024.txt in CopyFiles */ = {isa = PBXBuildFile; fileRef = 8EAF640417BFCA57000A866F /* hdoj1024.txt */; };
		8E0E026F1834C2B8008EEB25 /* hdoj1026.txt in CopyFiles */ = {isa = PBXBuildFile; fileRef = 8EB089EE17BE1D6C0048E8C2 /* hdoj1026.txt */; };
		8E0E02701834C2B8008EEB25 /* hdoj1045.txt in CopyFiles */ = {isa = PBXBuildFile; fileRef = 8EB1395217CFA7B20085A225 /* hdoj1045.txt */; };
		8E0E02711834C2B8008EEB25 /* hdoj1051.txt in CopyFiles */ = {isa = PBXBuildFile; fileRef = 8EB7117117C5092100ABBD9E /* hdoj1051.txt */; };
		8E0E02721834C2B8008EEB25 /* hdoj1058.txt in CopyFiles */ = {isa = PBXBuildFile; fileRef = 8EB7E71A17C882C800BF1869 /* hdoj1058.txt */; };
		8E0E02731834C2B8008EEB25 /* hdoj1069.txt in CopyFiles */ = {isa = PBXBuildFile; fileRef = 8EB2E81017CBB44400AFD341 /* hdoj1069.txt */; };
		8E0E02741834C2B8008EEB25 /* hdoj1506.txt in CopyFiles */ = {isa = PBXBuildFile; fileRef = 8EB5AB6117C9BA9B00E71813 /* hdoj1506.txt */; };
		8E0E02751834C2B8008EEB25 /* hdoj2602.txt in CopyFiles */ = {isa = PBXBuildFile; fileRef = 8EB1BEC017C11A6800484915 /* hdoj2602.txt */; };
		8E0E02771834C3BF008EEB25 /* jdoj1352.txt in CopyFiles */ = {isa = PBXBuildFile; fileRef = 8E0E02761834C3A3008EEB25 /* jdoj1352.txt */; };
		8E0E02791834C4F3008EEB25 /* jdoj1048.txt in CopyFiles */ = {isa = PBXBuildFile; fileRef = 8E0E02781834C4E3008EEB25 /* jdoj1048.txt */; };
		8E0E027C1835C6F4008EEB25 /* jdoj1351.cpp in Sources */ = {isa = PBXBuildFile; fileRef = 8E0E027A1835C6F4008EEB25 /* jdoj1351.cpp */; };
		8E0E027E1835FD34008EEB25 /* jdoj1351.txt in CopyFiles */ = {isa = PBXBuildFile; fileRef = 8E0E027D1835FCBC008EEB25 /* jdoj1351.txt */; };
		8E54FB591846F40A0047C373 /* jdoj1371.cpp in Sources */ = {isa = PBXBuildFile; fileRef = 8E54FB571846F40A0047C373 /* jdoj1371.cpp */; };
		8E54FB5B1847194B0047C373 /* jdoj1371.txt in CopyFiles */ = {isa = PBXBuildFile; fileRef = 8E54FB5A184719370047C373 /* jdoj1371.txt */; };
		8E54FB61184DC58F0047C373 /* poj1568.cpp in Sources */ = {isa = PBXBuildFile; fileRef = 8E54FB5F184DC58F0047C373 /* poj1568.cpp */; };
		8E54FB63185063BC0047C373 /* poj1568.txt in CopyFiles */ = {isa = PBXBuildFile; fileRef = 8E54FB62185063B10047C373 /* poj1568.txt */; };
		8E5D99CD17AE58220066B634 /* bitree.cpp in Sources */ = {isa = PBXBuildFile; fileRef = 8E5D99CB17AE58220066B634 /* bitree.cpp */; };
		8E7CFC56188A2F6A0003632F /* ltoj_word_ladder_bfs_2.cpp in Sources */ = {isa = PBXBuildFile; fileRef = 8E7CFC54188A2F6A0003632F /* ltoj_word_ladder_bfs_2.cpp */; };
		8E8395FB17D58DEF002AF58D /* Timer.cpp in Sources */ = {isa = PBXBuildFile; fileRef = 8E8395F917D58DEF002AF58D /* Timer.cpp */; };
		8EA1AC70188A831200F76FB7 /* ltoj_word_ladder_bfs_ii.cpp in Sources */ = {isa = PBXBuildFile; fileRef = 8EA1AC6E188A831200F76FB7 /* ltoj_word_ladder_bfs_ii.cpp */; };
		8EA24E1817B5CEFC00458A01 /* hdoj1010.cpp in Sources */ = {isa = PBXBuildFile; fileRef = 8EA24E1617B5CEFC00458A01 /* hdoj1010.cpp */; };
		8EB089F417BE1E070048E8C2 /* hdoj1003.cpp in Sources */ = {isa = PBXBuildFile; fileRef = 8EB089F217BE1E070048E8C2 /* hdoj1003.cpp */; };
		8EB089F717BE743F0048E8C2 /* hdoj1024.cpp in Sources */ = {isa = PBXBuildFile; fileRef = 8EB089F517BE743F0048E8C2 /* hdoj1024.cpp */; };
		8EB0BEB317BB4D7200EBF94D /* hdoj1026dfs.cpp in Sources */ = {isa = PBXBuildFile; fileRef = 8EB0BEB117BB4D7200EBF94D /* hdoj1026dfs.cpp */; };
		8EB0FF2F17C8F367007A4F5A /* hdoj1506dp.cpp in Sources */ = {isa = PBXBuildFile; fileRef = 8EB0FF2D17C8F367007A4F5A /* hdoj1506dp.cpp */; };
		8EB1BEBF17C0B9CC00484915 /* hdoj2602.cpp in Sources */ = {isa = PBXBuildFile; fileRef = 8EB1BEBD17C0B9CC00484915 /* hdoj2602.cpp */; };
		8EB1C6CA17C26EA400B5A81C /* hdoj1051.cpp in Sources */ = {isa = PBXBuildFile; fileRef = 8EB1C6C817C26EA400B5A81C /* hdoj1051.cpp */; };
		8EB2702C1844980700B87D3C /* jdoj1354.txt in CopyFiles */ = {isa = PBXBuildFile; fileRef = 8EEAE8CD184497C0001D1780 /* jdoj1354.txt */; };
		8EB4025C17DB3DF900E2E6A9 /* hdoj1059dfstle.cpp in Sources */ = {isa = PBXBuildFile; fileRef = 8EB4025B17DB3DF900E2E6A9 /* hdoj1059dfstle.cpp */; };
		8EB4763317C65DD600D46863 /* hdoj1058.cpp in Sources */ = {isa = PBXBuildFile; fileRef = 8EB4763117C65DD600D46863 /* hdoj1058.cpp */; };
		8EB6134117BC4D9500946E24 /* hdoj1026bfs.cpp in Sources */ = {isa = PBXBuildFile; fileRef = 8EB6133F17BC4D9500946E24 /* hdoj1026bfs.cpp */; };
		8EB7117417C50FA200ABBD9E /* jdoj1048.cpp in Sources */ = {isa = PBXBuildFile; fileRef = 8EB7117217C50FA200ABBD9E /* jdoj1048.cpp */; };
		8EB7497917CCFCF100122341 /* hdoj1045.cpp in Sources */ = {isa = PBXBuildFile; fileRef = 8EB7497717CCFCF100122341 /* hdoj1045.cpp */; };
		8EB7D66217BA08B4001CCD32 /* hdoj1016.cpp in Sources */ = {isa = PBXBuildFile; fileRef = 8EB7D66017BA08B4001CCD32 /* hdoj1016.cpp */; };
		8EB7E72017C8A44600BF1869 /* template.cpp in Sources */ = {isa = PBXBuildFile; fileRef = 8EB7E71E17C8A44600BF1869 /* template.cpp */; };
		8EB7E72317C8A52100BF1869 /* hdoj1059.cpp in Sources */ = {isa = PBXBuildFile; fileRef = 8EB7E72117C8A52100BF1869 /* hdoj1059.cpp */; };
		8EB7E72617C8A80D00BF1869 /* hdoj1506wa.cpp in Sources */ = {isa = PBXBuildFile; fileRef = 8EB7E72417C8A80D00BF1869 /* hdoj1506wa.cpp */; };
		8EC6355D17B8895600B7CD2A /* hdoj1010recu.cpp in Sources */ = {isa = PBXBuildFile; fileRef = 8EC6355B17B8895600B7CD2A /* hdoj1010recu.cpp */; };
		8ED7397517C1C0C8006DCF50 /* hdoj1028.cpp in Sources */ = {isa = PBXBuildFile; fileRef = 8ED7397317C1C0C8006DCF50 /* hdoj1028.cpp */; };
		8ED7397817CB5AA6006DCF50 /* hdoj1069.cpp in Sources */ = {isa = PBXBuildFile; fileRef = 8ED7397617CB5AA6006DCF50 /* hdoj1069.cpp */; };
		8ED7397B17CDF341006DCF50 /* hdoj2553.cpp in Sources */ = {isa = PBXBuildFile; fileRef = 8ED7397917CDF340006DCF50 /* hdoj2553.cpp */; };
		8ED9BC28183CB48D00F5DF9F /* jdoj1348.cpp in Sources */ = {isa = PBXBuildFile; fileRef = 8ED9BC26183CB48D00F5DF9F /* jdoj1348.cpp */; };
		8ED9BC2A183F0CAB00F5DF9F /* jdoj1348.txt in CopyFiles */ = {isa = PBXBuildFile; fileRef = 8ED9BC29183F0C8E00F5DF9F /* jdoj1348.txt */; };
		8EEAE8CC18447C1D001D1780 /* jdoj1354.cpp in Sources */ = {isa = PBXBuildFile; fileRef = 8EEAE8CA18447C1D001D1780 /* jdoj1354.cpp */; };
		BF0AAD3A1873A58100436771 /* ltoj_LongestCommonPrefix .cpp in Sources */ = {isa = PBXBuildFile; fileRef = BF0AAD381873A58100436771 /* ltoj_LongestCommonPrefix .cpp */; };
		BF0AF3A418929F6A00613645 /* ltoj_trapping_rain_water.cpp in Sources */ = {isa = PBXBuildFile; fileRef = BF0AF3A218929F6A00613645 /* ltoj_trapping_rain_water.cpp */; };
		BF3AC1DC1887C573004FC432 /* ltoj_word_ladder_bfs.cpp in Sources */ = {isa = PBXBuildFile; fileRef = BF3AC1DA1887C573004FC432 /* ltoj_word_ladder_bfs.cpp */; };
		BF3AC1DF1888DD16004FC432 /* ltoj_evaluate_reverse_polish_notation.cpp in Sources */ = {isa = PBXBuildFile; fileRef = BF3AC1DD1888DD16004FC432 /* ltoj_evaluate_reverse_polish_notation.cpp */; };
		BF3AC1E2188CB9EB004FC432 /* ltoj_binary_tree_preorder_traversal.cpp in Sources */ = {isa = PBXBuildFile; fileRef = BF3AC1E0188CB9EB004FC432 /* ltoj_binary_tree_preorder_traversal.cpp */; };
		BF3AC1E5188E0E90004FC432 /* ltoj_pascal_triangle.cpp in Sources */ = {isa = PBXBuildFile; fileRef = BF3AC1E3188E0E90004FC432 /* ltoj_pascal_triangle.cpp */; };
		BF3AC1E8188E2006004FC432 /* ltoj_pascal_triangle_ii.cpp in Sources */ = {isa = PBXBuildFile; fileRef = BF3AC1E6188E2006004FC432 /* ltoj_pascal_triangle_ii.cpp */; };
		BF3AC1EB188E46CA004FC432 /* ltoj_triangle.cpp in Sources */ = {isa = PBXBuildFile; fileRef = BF3AC1E9188E46CA004FC432 /* ltoj_triangle.cpp */; };
		BF67A23718851F1400E9F248 /* ltoj_word_ladder.cpp in Sources */ = {isa = PBXBuildFile; fileRef = BF67A23518851F1400E9F248 /* ltoj_word_ladder.cpp */; };
		BF72DEE31893C7DB00A87DD5 /* ltoj_longest_substring_without_repeating_characters.cpp in Sources */ = {isa = PBXBuildFile; fileRef = BF72DEE11893C7DB00A87DD5 /* ltoj_longest_substring_without_repeating_characters.cpp */; };
		BF7BEE051873BA93000789DD /* ltoj_3Sum.cpp in Sources */ = {isa = PBXBuildFile; fileRef = BF7BEE031873BA93000789DD /* ltoj_3Sum.cpp */; };
		BF881B1A189154F7002D26C3 /* ltoj_partition_list .cpp in Sources */ = {isa = PBXBuildFile; fileRef = BF881B18189154F7002D26C3 /* ltoj_partition_list .cpp */; };
		BFAA67261895F4AF00CC77ED /* ltoj_word_break_ii.cpp in Sources */ = {isa = PBXBuildFile; fileRef = BFAA67241895F4AF00CC77ED /* ltoj_word_break_ii.cpp */; };
		BFAA6729189609F900CC77ED /* ltoj_jump_game.cpp in Sources */ = {isa = PBXBuildFile; fileRef = BFAA6727189609F900CC77ED /* ltoj_jump_game.cpp */; };
		BFAA672C18964EB500CC77ED /* ltoj_jump_game_ii.cpp in Sources */ = {isa = PBXBuildFile; fileRef = BFAA672A18964EB500CC77ED /* ltoj_jump_game_ii.cpp */; };
		BFAF0E671894ADD600470F28 /* ltoj_unique_paths.cpp in Sources */ = {isa = PBXBuildFile; fileRef = BFAF0E651894ADD600470F28 /* ltoj_unique_paths.cpp */; };
		BFAF0E6A1894D80A00470F28 /* ltoj_word_break.cpp in Sources */ = {isa = PBXBuildFile; fileRef = BFAF0E681894D80A00470F28 /* ltoj_word_break.cpp */; };
		BFB21B6918910746000D2EBC /* ltoj_remove_duplicates_from_sorted_list .cpp in Sources */ = {isa = PBXBuildFile; fileRef = BFB21B6718910746000D2EBC /* ltoj_remove_duplicates_from_sorted_list .cpp */; };
		BFB21B6F18923B4A000D2EBC /* ltoj_restore_ip_addresses.cpp in Sources */ = {isa = PBXBuildFile; fileRef = BFB21B6D18923B4A000D2EBC /* ltoj_restore_ip_addresses.cpp */; };
		BFB404E0188FF94100C104A1 /* ltoj_convert_sorted_array_to_bst.cpp in Sources */ = {isa = PBXBuildFile; fileRef = BFB404DF188FF94100C104A1 /* ltoj_convert_sorted_array_to_bst.cpp */; };
		BFB4DE111898D21A0021AEE6 /* ltoj_unique_paths_ii.cpp in Sources */ = {isa = PBXBuildFile; fileRef = BFB4DE0F1898D21A0021AEE6 /* ltoj_unique_paths_ii.cpp */; };
		BFB4DE141898E6C70021AEE6 /* ltoj_balanced_binary_tree.cpp in Sources */ = {isa = PBXBuildFile; fileRef = BFB4DE121898E6C70021AEE6 /* ltoj_balanced_binary_tree.cpp */; };
		BFC6A2DC186BCBD500AEC46E /* ltoj_implement_strstr.cpp in Sources */ = {isa = PBXBuildFile; fileRef = BFC6A2DA186BCBD500AEC46E /* ltoj_implement_strstr.cpp */; };
/* End PBXBuildFile section */

/* Begin PBXCopyFilesBuildPhase section */
		8E00CF7417ACF6D500F281A3 /* CopyFiles */ = {
			isa = PBXCopyFilesBuildPhase;
			buildActionMask = 12;
			dstPath = data;
			dstSubfolderSpec = 7;
			files = (
				8E54FB63185063BC0047C373 /* poj1568.txt in CopyFiles */,
				8E54FB5B1847194B0047C373 /* jdoj1371.txt in CopyFiles */,
				8EB2702C1844980700B87D3C /* jdoj1354.txt in CopyFiles */,
				8ED9BC2A183F0CAB00F5DF9F /* jdoj1348.txt in CopyFiles */,
				8E0E027E1835FD34008EEB25 /* jdoj1351.txt in CopyFiles */,
				8E0E026D1834C2B8008EEB25 /* hdoj1010.txt in CopyFiles */,
				8E0E026E1834C2B8008EEB25 /* hdoj1024.txt in CopyFiles */,
				8E0E026F1834C2B8008EEB25 /* hdoj1026.txt in CopyFiles */,
				8E0E02701834C2B8008EEB25 /* hdoj1045.txt in CopyFiles */,
				8E0E02791834C4F3008EEB25 /* jdoj1048.txt in CopyFiles */,
				8E0E02711834C2B8008EEB25 /* hdoj1051.txt in CopyFiles */,
				8E0E02721834C2B8008EEB25 /* hdoj1058.txt in CopyFiles */,
				8E0E02731834C2B8008EEB25 /* hdoj1069.txt in CopyFiles */,
				8E0E02741834C2B8008EEB25 /* hdoj1506.txt in CopyFiles */,
				8E0E02751834C2B8008EEB25 /* hdoj2602.txt in CopyFiles */,
				8E0E026C1834C0A8008EEB25 /* jdoj1369.txt in CopyFiles */,
				8E0E02771834C3BF008EEB25 /* jdoj1352.txt in CopyFiles */,
			);
			runOnlyForDeploymentPostprocessing = 0;
		};
/* End PBXCopyFilesBuildPhase section */

/* Begin PBXFileReference section */
		8E00CF7617ACF6D500F281A3 /* interview1 */ = {isa = PBXFileReference; explicitFileType = "compiled.mach-o.executable"; includeInIndex = 0; path = interview1; sourceTree = BUILT_PRODUCTS_DIR; };
		8E00CF7917ACF6D500F281A3 /* main.cpp */ = {isa = PBXFileReference; lastKnownFileType = sourcecode.cpp.cpp; path = main.cpp; sourceTree = "<group>"; };
		8E00CF7B17ACF6D500F281A3 /* interview1.1 */ = {isa = PBXFileReference; lastKnownFileType = text.man; path = interview1.1; sourceTree = "<group>"; };
		8E0261B01830800400C319C4 /* jdoj1369.cpp */ = {isa = PBXFileReference; fileEncoding = 4; lastKnownFileType = sourcecode.cpp.cpp; path = jdoj1369.cpp; sourceTree = "<group>"; };
		8E0261B318308E4D00C319C4 /* jdoj1369.txt */ = {isa = PBXFileReference; fileEncoding = 4; lastKnownFileType = text; name = jdoj1369.txt; path = interview1/data/jdoj1369.txt; sourceTree = "<group>"; };
		8E0E02691834AB75008EEB25 /* jdoj1352.cpp */ = {isa = PBXFileReference; fileEncoding = 4; lastKnownFileType = sourcecode.cpp.cpp; path = jdoj1352.cpp; sourceTree = "<group>"; };
		8E0E02761834C3A3008EEB25 /* jdoj1352.txt */ = {isa = PBXFileReference; fileEncoding = 4; lastKnownFileType = text; name = jdoj1352.txt; path = interview1/data/jdoj1352.txt; sourceTree = "<group>"; };
		8E0E02781834C4E3008EEB25 /* jdoj1048.txt */ = {isa = PBXFileReference; fileEncoding = 4; lastKnownFileType = text; name = jdoj1048.txt; path = interview1/data/jdoj1048.txt; sourceTree = "<group>"; };
		8E0E027A1835C6F4008EEB25 /* jdoj1351.cpp */ = {isa = PBXFileReference; fileEncoding = 4; lastKnownFileType = sourcecode.cpp.cpp; path = jdoj1351.cpp; sourceTree = "<group>"; };
		8E0E027D1835FCBC008EEB25 /* jdoj1351.txt */ = {isa = PBXFileReference; fileEncoding = 4; lastKnownFileType = text; name = jdoj1351.txt; path = interview1/data/jdoj1351.txt; sourceTree = "<group>"; };
		8E54FB571846F40A0047C373 /* jdoj1371.cpp */ = {isa = PBXFileReference; fileEncoding = 4; lastKnownFileType = sourcecode.cpp.cpp; path = jdoj1371.cpp; sourceTree = "<group>"; };
		8E54FB5A184719370047C373 /* jdoj1371.txt */ = {isa = PBXFileReference; fileEncoding = 4; lastKnownFileType = text; name = jdoj1371.txt; path = interview1/data/jdoj1371.txt; sourceTree = "<group>"; };
		8E54FB5F184DC58F0047C373 /* poj1568.cpp */ = {isa = PBXFileReference; fileEncoding = 4; lastKnownFileType = sourcecode.cpp.cpp; path = poj1568.cpp; sourceTree = "<group>"; };
		8E54FB62185063B10047C373 /* poj1568.txt */ = {isa = PBXFileReference; fileEncoding = 4; lastKnownFileType = text; name = poj1568.txt; path = interview1/data/poj1568.txt; sourceTree = "<group>"; };
		8E5D99CB17AE58220066B634 /* bitree.cpp */ = {isa = PBXFileReference; fileEncoding = 4; lastKnownFileType = sourcecode.cpp.cpp; path = bitree.cpp; sourceTree = "<group>"; };
		8E7CFC54188A2F6A0003632F /* ltoj_word_ladder_bfs_2.cpp */ = {isa = PBXFileReference; fileEncoding = 4; lastKnownFileType = sourcecode.cpp.cpp; path = ltoj_word_ladder_bfs_2.cpp; sourceTree = "<group>"; };
		8E8395F917D58DEF002AF58D /* Timer.cpp */ = {isa = PBXFileReference; fileEncoding = 4; lastKnownFileType = sourcecode.cpp.cpp; path = Timer.cpp; sourceTree = "<group>"; };
		8E8395FA17D58DEF002AF58D /* Timer.h */ = {isa = PBXFileReference; fileEncoding = 4; lastKnownFileType = sourcecode.c.h; path = Timer.h; sourceTree = "<group>"; };
		8EA1AC6E188A831200F76FB7 /* ltoj_word_ladder_bfs_ii.cpp */ = {isa = PBXFileReference; fileEncoding = 4; lastKnownFileType = sourcecode.cpp.cpp; path = ltoj_word_ladder_bfs_ii.cpp; sourceTree = "<group>"; };
		8EA24E1617B5CEFC00458A01 /* hdoj1010.cpp */ = {isa = PBXFileReference; fileEncoding = 4; lastKnownFileType = sourcecode.cpp.cpp; path = hdoj1010.cpp; sourceTree = "<group>"; };
		8EAF640417BFCA57000A866F /* hdoj1024.txt */ = {isa = PBXFileReference; fileEncoding = 4; lastKnownFileType = text; name = hdoj1024.txt; path = interview1/data/hdoj1024.txt; sourceTree = "<group>"; };
		8EB089EE17BE1D6C0048E8C2 /* hdoj1026.txt */ = {isa = PBXFileReference; fileEncoding = 4; lastKnownFileType = text; name = hdoj1026.txt; path = interview1/data/hdoj1026.txt; sourceTree = "<group>"; };
		8EB089F217BE1E070048E8C2 /* hdoj1003.cpp */ = {isa = PBXFileReference; fileEncoding = 4; lastKnownFileType = sourcecode.cpp.cpp; path = hdoj1003.cpp; sourceTree = "<group>"; };
		8EB089F517BE743F0048E8C2 /* hdoj1024.cpp */ = {isa = PBXFileReference; fileEncoding = 4; lastKnownFileType = sourcecode.cpp.cpp; path = hdoj1024.cpp; sourceTree = "<group>"; };
		8EB0BEB117BB4D7200EBF94D /* hdoj1026dfs.cpp */ = {isa = PBXFileReference; fileEncoding = 4; lastKnownFileType = sourcecode.cpp.cpp; path = hdoj1026dfs.cpp; sourceTree = "<group>"; };
		8EB0FF2D17C8F367007A4F5A /* hdoj1506dp.cpp */ = {isa = PBXFileReference; fileEncoding = 4; lastKnownFileType = sourcecode.cpp.cpp; path = hdoj1506dp.cpp; sourceTree = "<group>"; };
		8EB1395217CFA7B20085A225 /* hdoj1045.txt */ = {isa = PBXFileReference; fileEncoding = 4; lastKnownFileType = text; name = hdoj1045.txt; path = interview1/data/hdoj1045.txt; sourceTree = "<group>"; };
		8EB1BEBD17C0B9CC00484915 /* hdoj2602.cpp */ = {isa = PBXFileReference; fileEncoding = 4; lastKnownFileType = sourcecode.cpp.cpp; path = hdoj2602.cpp; sourceTree = "<group>"; };
		8EB1BEC017C11A6800484915 /* hdoj2602.txt */ = {isa = PBXFileReference; fileEncoding = 4; lastKnownFileType = text; name = hdoj2602.txt; path = interview1/data/hdoj2602.txt; sourceTree = "<group>"; };
		8EB1C6C817C26EA400B5A81C /* hdoj1051.cpp */ = {isa = PBXFileReference; fileEncoding = 4; lastKnownFileType = sourcecode.cpp.cpp; path = "\U0010hdoj1051.cpp"; sourceTree = "<group>"; };
		8EB2E81017CBB44400AFD341 /* hdoj1069.txt */ = {isa = PBXFileReference; fileEncoding = 4; lastKnownFileType = text; name = hdoj1069.txt; path = interview1/data/hdoj1069.txt; sourceTree = "<group>"; };
		8EB4025B17DB3DF900E2E6A9 /* hdoj1059dfstle.cpp */ = {isa = PBXFileReference; fileEncoding = 4; lastKnownFileType = sourcecode.cpp.cpp; path = hdoj1059dfstle.cpp; sourceTree = "<group>"; };
		8EB4763117C65DD600D46863 /* hdoj1058.cpp */ = {isa = PBXFileReference; fileEncoding = 4; lastKnownFileType = sourcecode.cpp.cpp; path = hdoj1058.cpp; sourceTree = "<group>"; };
		8EB5AB6117C9BA9B00E71813 /* hdoj1506.txt */ = {isa = PBXFileReference; fileEncoding = 4; lastKnownFileType = text; name = hdoj1506.txt; path = interview1/data/hdoj1506.txt; sourceTree = "<group>"; };
		8EB6133F17BC4D9500946E24 /* hdoj1026bfs.cpp */ = {isa = PBXFileReference; fileEncoding = 4; lastKnownFileType = sourcecode.cpp.cpp; path = hdoj1026bfs.cpp; sourceTree = "<group>"; };
		8EB7117117C5092100ABBD9E /* hdoj1051.txt */ = {isa = PBXFileReference; fileEncoding = 4; lastKnownFileType = text; name = hdoj1051.txt; path = interview1/data/hdoj1051.txt; sourceTree = "<group>"; };
		8EB7117217C50FA200ABBD9E /* jdoj1048.cpp */ = {isa = PBXFileReference; fileEncoding = 4; lastKnownFileType = sourcecode.cpp.cpp; path = jdoj1048.cpp; sourceTree = "<group>"; };
		8EB7497717CCFCF100122341 /* hdoj1045.cpp */ = {isa = PBXFileReference; fileEncoding = 4; lastKnownFileType = sourcecode.cpp.cpp; path = hdoj1045.cpp; sourceTree = "<group>"; };
		8EB7D65E17BA06B0001CCD32 /* hdoj1010.txt */ = {isa = PBXFileReference; fileEncoding = 4; lastKnownFileType = text; name = hdoj1010.txt; path = interview1/data/hdoj1010.txt; sourceTree = "<group>"; };
		8EB7D66017BA08B4001CCD32 /* hdoj1016.cpp */ = {isa = PBXFileReference; fileEncoding = 4; lastKnownFileType = sourcecode.cpp.cpp; path = hdoj1016.cpp; sourceTree = "<group>"; };
		8EB7E71A17C882C800BF1869 /* hdoj1058.txt */ = {isa = PBXFileReference; fileEncoding = 4; lastKnownFileType = text; name = hdoj1058.txt; path = interview1/data/hdoj1058.txt; sourceTree = "<group>"; };
		8EB7E71E17C8A44600BF1869 /* template.cpp */ = {isa = PBXFileReference; fileEncoding = 4; lastKnownFileType = sourcecode.cpp.cpp; path = template.cpp; sourceTree = "<group>"; };
		8EB7E72117C8A52100BF1869 /* hdoj1059.cpp */ = {isa = PBXFileReference; fileEncoding = 4; lastKnownFileType = sourcecode.cpp.cpp; path = hdoj1059.cpp; sourceTree = "<group>"; };
		8EB7E72417C8A80D00BF1869 /* hdoj1506wa.cpp */ = {isa = PBXFileReference; fileEncoding = 4; lastKnownFileType = sourcecode.cpp.cpp; path = hdoj1506wa.cpp; sourceTree = "<group>"; };
		8EC6355B17B8895600B7CD2A /* hdoj1010recu.cpp */ = {isa = PBXFileReference; fileEncoding = 4; lastKnownFileType = sourcecode.cpp.cpp; path = hdoj1010recu.cpp; sourceTree = "<group>"; };
		8ED7397317C1C0C8006DCF50 /* hdoj1028.cpp */ = {isa = PBXFileReference; fileEncoding = 4; lastKnownFileType = sourcecode.cpp.cpp; path = hdoj1028.cpp; sourceTree = "<group>"; };
		8ED7397617CB5AA6006DCF50 /* hdoj1069.cpp */ = {isa = PBXFileReference; fileEncoding = 4; lastKnownFileType = sourcecode.cpp.cpp; path = hdoj1069.cpp; sourceTree = "<group>"; };
		8ED7397917CDF340006DCF50 /* hdoj2553.cpp */ = {isa = PBXFileReference; fileEncoding = 4; lastKnownFileType = sourcecode.cpp.cpp; path = hdoj2553.cpp; sourceTree = "<group>"; };
		8ED9BC26183CB48D00F5DF9F /* jdoj1348.cpp */ = {isa = PBXFileReference; fileEncoding = 4; lastKnownFileType = sourcecode.cpp.cpp; path = jdoj1348.cpp; sourceTree = "<group>"; };
		8ED9BC29183F0C8E00F5DF9F /* jdoj1348.txt */ = {isa = PBXFileReference; fileEncoding = 4; lastKnownFileType = text; name = jdoj1348.txt; path = interview1/data/jdoj1348.txt; sourceTree = "<group>"; };
		8EEAE8CA18447C1D001D1780 /* jdoj1354.cpp */ = {isa = PBXFileReference; fileEncoding = 4; lastKnownFileType = sourcecode.cpp.cpp; path = jdoj1354.cpp; sourceTree = "<group>"; };
		8EEAE8CD184497C0001D1780 /* jdoj1354.txt */ = {isa = PBXFileReference; fileEncoding = 4; lastKnownFileType = text; name = jdoj1354.txt; path = interview1/data/jdoj1354.txt; sourceTree = "<group>"; };
		BF0AAD381873A58100436771 /* ltoj_LongestCommonPrefix .cpp */ = {isa = PBXFileReference; fileEncoding = 4; lastKnownFileType = sourcecode.cpp.cpp; path = "ltoj_LongestCommonPrefix .cpp"; sourceTree = "<group>"; };
		BF0AF3A218929F6A00613645 /* ltoj_trapping_rain_water.cpp */ = {isa = PBXFileReference; fileEncoding = 4; lastKnownFileType = sourcecode.cpp.cpp; path = ltoj_trapping_rain_water.cpp; sourceTree = "<group>"; };
		BF3AC1DA1887C573004FC432 /* ltoj_word_ladder_bfs.cpp */ = {isa = PBXFileReference; fileEncoding = 4; lastKnownFileType = sourcecode.cpp.cpp; path = ltoj_word_ladder_bfs.cpp; sourceTree = "<group>"; };
		BF3AC1DD1888DD16004FC432 /* ltoj_evaluate_reverse_polish_notation.cpp */ = {isa = PBXFileReference; fileEncoding = 4; lastKnownFileType = sourcecode.cpp.cpp; path = ltoj_evaluate_reverse_polish_notation.cpp; sourceTree = "<group>"; };
		BF3AC1E0188CB9EB004FC432 /* ltoj_binary_tree_preorder_traversal.cpp */ = {isa = PBXFileReference; fileEncoding = 4; lastKnownFileType = sourcecode.cpp.cpp; path = ltoj_binary_tree_preorder_traversal.cpp; sourceTree = "<group>"; };
		BF3AC1E3188E0E90004FC432 /* ltoj_pascal_triangle.cpp */ = {isa = PBXFileReference; fileEncoding = 4; lastKnownFileType = sourcecode.cpp.cpp; path = ltoj_pascal_triangle.cpp; sourceTree = "<group>"; };
		BF3AC1E6188E2006004FC432 /* ltoj_pascal_triangle_ii.cpp */ = {isa = PBXFileReference; fileEncoding = 4; lastKnownFileType = sourcecode.cpp.cpp; path = ltoj_pascal_triangle_ii.cpp; sourceTree = "<group>"; };
		BF3AC1E9188E46CA004FC432 /* ltoj_triangle.cpp */ = {isa = PBXFileReference; fileEncoding = 4; lastKnownFileType = sourcecode.cpp.cpp; path = ltoj_triangle.cpp; sourceTree = "<group>"; };
		BF67A23518851F1400E9F248 /* ltoj_word_ladder.cpp */ = {isa = PBXFileReference; fileEncoding = 4; lastKnownFileType = sourcecode.cpp.cpp; path = ltoj_word_ladder.cpp; sourceTree = "<group>"; };
		BF72DEE11893C7DB00A87DD5 /* ltoj_longest_substring_without_repeating_characters.cpp */ = {isa = PBXFileReference; fileEncoding = 4; lastKnownFileType = sourcecode.cpp.cpp; path = ltoj_longest_substring_without_repeating_characters.cpp; sourceTree = "<group>"; };
		BF7BEE031873BA93000789DD /* ltoj_3Sum.cpp */ = {isa = PBXFileReference; fileEncoding = 4; lastKnownFileType = sourcecode.cpp.cpp; path = ltoj_3Sum.cpp; sourceTree = "<group>"; };
		BF881B18189154F7002D26C3 /* ltoj_partition_list .cpp */ = {isa = PBXFileReference; fileEncoding = 4; lastKnownFileType = sourcecode.cpp.cpp; path = "ltoj_partition_list .cpp"; sourceTree = "<group>"; };
		BFAA67241895F4AF00CC77ED /* ltoj_word_break_ii.cpp */ = {isa = PBXFileReference; fileEncoding = 4; lastKnownFileType = sourcecode.cpp.cpp; path = ltoj_word_break_ii.cpp; sourceTree = "<group>"; };
		BFAA6727189609F900CC77ED /* ltoj_jump_game.cpp */ = {isa = PBXFileReference; fileEncoding = 4; lastKnownFileType = sourcecode.cpp.cpp; path = ltoj_jump_game.cpp; sourceTree = "<group>"; };
		BFAA672A18964EB500CC77ED /* ltoj_jump_game_ii.cpp */ = {isa = PBXFileReference; fileEncoding = 4; lastKnownFileType = sourcecode.cpp.cpp; path = ltoj_jump_game_ii.cpp; sourceTree = "<group>"; };
		BFAF0E651894ADD600470F28 /* ltoj_unique_paths.cpp */ = {isa = PBXFileReference; fileEncoding = 4; lastKnownFileType = sourcecode.cpp.cpp; path = ltoj_unique_paths.cpp; sourceTree = "<group>"; };
		BFAF0E681894D80A00470F28 /* ltoj_word_break.cpp */ = {isa = PBXFileReference; fileEncoding = 4; lastKnownFileType = sourcecode.cpp.cpp; path = ltoj_word_break.cpp; sourceTree = "<group>"; };
		BFB21B6718910746000D2EBC /* ltoj_remove_duplicates_from_sorted_list .cpp */ = {isa = PBXFileReference; fileEncoding = 4; lastKnownFileType = sourcecode.cpp.cpp; path = "ltoj_remove_duplicates_from_sorted_list .cpp"; sourceTree = "<group>"; };
		BFB21B6D18923B4A000D2EBC /* ltoj_restore_ip_addresses.cpp */ = {isa = PBXFileReference; fileEncoding = 4; lastKnownFileType = sourcecode.cpp.cpp; path = ltoj_restore_ip_addresses.cpp; sourceTree = "<group>"; };
		BFB404DF188FF94100C104A1 /* ltoj_convert_sorted_array_to_bst.cpp */ = {isa = PBXFileReference; fileEncoding = 4; lastKnownFileType = sourcecode.cpp.cpp; path = ltoj_convert_sorted_array_to_bst.cpp; sourceTree = "<group>"; };
		BFB4DE0F1898D21A0021AEE6 /* ltoj_unique_paths_ii.cpp */ = {isa = PBXFileReference; fileEncoding = 4; lastKnownFileType = sourcecode.cpp.cpp; path = ltoj_unique_paths_ii.cpp; sourceTree = "<group>"; };
		BFB4DE121898E6C70021AEE6 /* ltoj_balanced_binary_tree.cpp */ = {isa = PBXFileReference; fileEncoding = 4; lastKnownFileType = sourcecode.cpp.cpp; path = ltoj_balanced_binary_tree.cpp; sourceTree = "<group>"; };
		BFC6A2DA186BCBD500AEC46E /* ltoj_implement_strstr.cpp */ = {isa = PBXFileReference; fileEncoding = 4; lastKnownFileType = sourcecode.cpp.cpp; path = ltoj_implement_strstr.cpp; sourceTree = "<group>"; };
/* End PBXFileReference section */

/* Begin PBXFrameworksBuildPhase section */
		8E00CF7317ACF6D500F281A3 /* Frameworks */ = {
			isa = PBXFrameworksBuildPhase;
			buildActionMask = 2147483647;
			files = (
			);
			runOnlyForDeploymentPostprocessing = 0;
		};
/* End PBXFrameworksBuildPhase section */

/* Begin PBXGroup section */
		8E00CF6D17ACF6D500F281A3 = {
			isa = PBXGroup;
			children = (
				8EB7D65D17BA0491001CCD32 /* data */,
				8E00CF7817ACF6D500F281A3 /* interview1 */,
				8E00CF7717ACF6D500F281A3 /* Products */,
			);
			sourceTree = "<group>";
		};
		8E00CF7717ACF6D500F281A3 /* Products */ = {
			isa = PBXGroup;
			children = (
				8E00CF7617ACF6D500F281A3 /* interview1 */,
			);
			name = Products;
			sourceTree = "<group>";
		};
		8E00CF7817ACF6D500F281A3 /* interview1 */ = {
			isa = PBXGroup;
			children = (
				BFC6A2D9186BCB7000AEC46E /* ltoj */,
				8E0E02681834AB4D008EEB25 /* jdoj */,
				8E8CB08917D47C3100583945 /* dfs */,
				8E8CB08817D47C2A00583945 /* bfs */,
				8E8CB08717D47C1500583945 /* dp */,
				8E00CF7B17ACF6D500F281A3 /* interview1.1 */,
				8E00CF7917ACF6D500F281A3 /* main.cpp */,
				8E5D99CB17AE58220066B634 /* bitree.cpp */,
				8EB7E71E17C8A44600BF1869 /* template.cpp */,
				8E8395FA17D58DEF002AF58D /* Timer.h */,
				8E8395F917D58DEF002AF58D /* Timer.cpp */,
			);
			path = interview1;
			sourceTree = "<group>";
		};
		8E0E02681834AB4D008EEB25 /* jdoj */ = {
			isa = PBXGroup;
			children = (
				8EB7117217C50FA200ABBD9E /* jdoj1048.cpp */,
				8ED9BC26183CB48D00F5DF9F /* jdoj1348.cpp */,
				8E0E027A1835C6F4008EEB25 /* jdoj1351.cpp */,
				8E0E02691834AB75008EEB25 /* jdoj1352.cpp */,
				8EEAE8CA18447C1D001D1780 /* jdoj1354.cpp */,
				8E0261B01830800400C319C4 /* jdoj1369.cpp */,
				8E54FB571846F40A0047C373 /* jdoj1371.cpp */,
			);
			name = jdoj;
			sourceTree = "<group>";
		};
		8E8CB08717D47C1500583945 /* dp */ = {
			isa = PBXGroup;
			children = (
				8EB4025B17DB3DF900E2E6A9 /* hdoj1059dfstle.cpp */,
				8EB7E72117C8A52100BF1869 /* hdoj1059.cpp */,
				8EB7E72417C8A80D00BF1869 /* hdoj1506wa.cpp */,
				8EB4763117C65DD600D46863 /* hdoj1058.cpp */,
				8EB0FF2D17C8F367007A4F5A /* hdoj1506dp.cpp */,
				8EB1BEBD17C0B9CC00484915 /* hdoj2602.cpp */,
				8ED7397617CB5AA6006DCF50 /* hdoj1069.cpp */,
				8EB1C6C817C26EA400B5A81C /* hdoj1051.cpp */,
				8ED7397317C1C0C8006DCF50 /* hdoj1028.cpp */,
				8EB089F517BE743F0048E8C2 /* hdoj1024.cpp */,
				8EB089F217BE1E070048E8C2 /* hdoj1003.cpp */,
			);
			name = dp;
			sourceTree = "<group>";
		};
		8E8CB08817D47C2A00583945 /* bfs */ = {
			isa = PBXGroup;
			children = (
				8EB0BEB117BB4D7200EBF94D /* hdoj1026dfs.cpp */,
				8EB6133F17BC4D9500946E24 /* hdoj1026bfs.cpp */,
			);
			name = bfs;
			sourceTree = "<group>";
		};
		8E8CB08917D47C3100583945 /* dfs */ = {
			isa = PBXGroup;
			children = (
				8EA24E1617B5CEFC00458A01 /* hdoj1010.cpp */,
				8EC6355B17B8895600B7CD2A /* hdoj1010recu.cpp */,
				8EB7D66017BA08B4001CCD32 /* hdoj1016.cpp */,
				8EB7497717CCFCF100122341 /* hdoj1045.cpp */,
				8ED7397917CDF340006DCF50 /* hdoj2553.cpp */,
				8E54FB5F184DC58F0047C373 /* poj1568.cpp */,
			);
			name = dfs;
			sourceTree = "<group>";
		};
		8EB7D65D17BA0491001CCD32 /* data */ = {
			isa = PBXGroup;
			children = (
				8E54FB62185063B10047C373 /* poj1568.txt */,
				8E0E02781834C4E3008EEB25 /* jdoj1048.txt */,
				8ED9BC29183F0C8E00F5DF9F /* jdoj1348.txt */,
				8E0E027D1835FCBC008EEB25 /* jdoj1351.txt */,
				8E0E02761834C3A3008EEB25 /* jdoj1352.txt */,
				8EEAE8CD184497C0001D1780 /* jdoj1354.txt */,
				8E0261B318308E4D00C319C4 /* jdoj1369.txt */,
				8E54FB5A184719370047C373 /* jdoj1371.txt */,
				8EB7D65E17BA06B0001CCD32 /* hdoj1010.txt */,
				8EAF640417BFCA57000A866F /* hdoj1024.txt */,
				8EB089EE17BE1D6C0048E8C2 /* hdoj1026.txt */,
				8EB1395217CFA7B20085A225 /* hdoj1045.txt */,
				8EB7117117C5092100ABBD9E /* hdoj1051.txt */,
				8EB7E71A17C882C800BF1869 /* hdoj1058.txt */,
				8EB2E81017CBB44400AFD341 /* hdoj1069.txt */,
				8EB5AB6117C9BA9B00E71813 /* hdoj1506.txt */,
				8EB1BEC017C11A6800484915 /* hdoj2602.txt */,
			);
			name = data;
			sourceTree = "<group>";
		};
		BFC6A2D9186BCB7000AEC46E /* ltoj */ = {
			isa = PBXGroup;
			children = (
				BFC6A2DA186BCBD500AEC46E /* ltoj_implement_strstr.cpp */,
				BF0AAD381873A58100436771 /* ltoj_LongestCommonPrefix .cpp */,
				BF7BEE031873BA93000789DD /* ltoj_3Sum.cpp */,
				BF67A23518851F1400E9F248 /* ltoj_word_ladder.cpp */,
				BF3AC1DA1887C573004FC432 /* ltoj_word_ladder_bfs.cpp */,
				8E7CFC54188A2F6A0003632F /* ltoj_word_ladder_bfs_2.cpp */,
				8EA1AC6E188A831200F76FB7 /* ltoj_word_ladder_bfs_ii.cpp */,
				BF3AC1DD1888DD16004FC432 /* ltoj_evaluate_reverse_polish_notation.cpp */,
				BF3AC1E0188CB9EB004FC432 /* ltoj_binary_tree_preorder_traversal.cpp */,
				BF3AC1E3188E0E90004FC432 /* ltoj_pascal_triangle.cpp */,
				BF3AC1E6188E2006004FC432 /* ltoj_pascal_triangle_ii.cpp */,
				BF3AC1E9188E46CA004FC432 /* ltoj_triangle.cpp */,
				BFB404DF188FF94100C104A1 /* ltoj_convert_sorted_array_to_bst.cpp */,
				BF881B18189154F7002D26C3 /* ltoj_partition_list .cpp */,
				BFB21B6718910746000D2EBC /* ltoj_remove_duplicates_from_sorted_list .cpp */,
				BFB21B6D18923B4A000D2EBC /* ltoj_restore_ip_addresses.cpp */,
				BF0AF3A218929F6A00613645 /* ltoj_trapping_rain_water.cpp */,
				BF72DEE11893C7DB00A87DD5 /* ltoj_longest_substring_without_repeating_characters.cpp */,
				BFAF0E651894ADD600470F28 /* ltoj_unique_paths.cpp */,
				BFB4DE0F1898D21A0021AEE6 /* ltoj_unique_paths_ii.cpp */,
				BFAF0E681894D80A00470F28 /* ltoj_word_break.cpp */,
				BFAA67241895F4AF00CC77ED /* ltoj_word_break_ii.cpp */,
				BFAA6727189609F900CC77ED /* ltoj_jump_game.cpp */,
				BFAA672A18964EB500CC77ED /* ltoj_jump_game_ii.cpp */,
				BFB4DE121898E6C70021AEE6 /* ltoj_balanced_binary_tree.cpp */,
			);
			name = ltoj;
			sourceTree = "<group>";
		};
/* End PBXGroup section */

/* Begin PBXNativeTarget section */
		8E00CF7517ACF6D500F281A3 /* interview1 */ = {
			isa = PBXNativeTarget;
			buildConfigurationList = 8E00CF7F17ACF6D500F281A3 /* Build configuration list for PBXNativeTarget "interview1" */;
			buildPhases = (
				8E00CF7217ACF6D500F281A3 /* Sources */,
				8E00CF7317ACF6D500F281A3 /* Frameworks */,
				8E00CF7417ACF6D500F281A3 /* CopyFiles */,
			);
			buildRules = (
			);
			dependencies = (
			);
			name = interview1;
			productName = interview1;
			productReference = 8E00CF7617ACF6D500F281A3 /* interview1 */;
			productType = "com.apple.product-type.tool";
		};
/* End PBXNativeTarget section */

/* Begin PBXProject section */
		8E00CF6E17ACF6D500F281A3 /* Project object */ = {
			isa = PBXProject;
			attributes = {
				LastUpgradeCheck = 0500;
				ORGANIZATIONNAME = com.wolf76;
			};
			buildConfigurationList = 8E00CF7117ACF6D500F281A3 /* Build configuration list for PBXProject "interview1" */;
			compatibilityVersion = "Xcode 3.2";
			developmentRegion = English;
			hasScannedForEncodings = 0;
			knownRegions = (
				en,
			);
			mainGroup = 8E00CF6D17ACF6D500F281A3;
			productRefGroup = 8E00CF7717ACF6D500F281A3 /* Products */;
			projectDirPath = "";
			projectRoot = "";
			targets = (
				8E00CF7517ACF6D500F281A3 /* interview1 */,
			);
		};
/* End PBXProject section */

/* Begin PBXSourcesBuildPhase section */
		8E00CF7217ACF6D500F281A3 /* Sources */ = {
			isa = PBXSourcesBuildPhase;
			buildActionMask = 2147483647;
			files = (
				BF3AC1EB188E46CA004FC432 /* ltoj_triangle.cpp in Sources */,
				8E00CF7A17ACF6D500F281A3 /* main.cpp in Sources */,
				BF3AC1DF1888DD16004FC432 /* ltoj_evaluate_reverse_polish_notation.cpp in Sources */,
				BFB21B6F18923B4A000D2EBC /* ltoj_restore_ip_addresses.cpp in Sources */,
				BF3AC1E5188E0E90004FC432 /* ltoj_pascal_triangle.cpp in Sources */,
				8E5D99CD17AE58220066B634 /* bitree.cpp in Sources */,
				BF3AC1E8188E2006004FC432 /* ltoj_pascal_triangle_ii.cpp in Sources */,
				BFAA672C18964EB500CC77ED /* ltoj_jump_game_ii.cpp in Sources */,
				BFB4DE141898E6C70021AEE6 /* ltoj_balanced_binary_tree.cpp in Sources */,
				8E7CFC56188A2F6A0003632F /* ltoj_word_ladder_bfs_2.cpp in Sources */,
				BFAA6729189609F900CC77ED /* ltoj_jump_game.cpp in Sources */,
				8EA24E1817B5CEFC00458A01 /* hdoj1010.cpp in Sources */,
				8ED9BC28183CB48D00F5DF9F /* jdoj1348.cpp in Sources */,
				8EC6355D17B8895600B7CD2A /* hdoj1010recu.cpp in Sources */,
				BFB21B6918910746000D2EBC /* ltoj_remove_duplicates_from_sorted_list .cpp in Sources */,
				8EB7D66217BA08B4001CCD32 /* hdoj1016.cpp in Sources */,
				BF3AC1E2188CB9EB004FC432 /* ltoj_binary_tree_preorder_traversal.cpp in Sources */,
				8EB0BEB317BB4D7200EBF94D /* hdoj1026dfs.cpp in Sources */,
				8EB6134117BC4D9500946E24 /* hdoj1026bfs.cpp in Sources */,
				BFAF0E6A1894D80A00470F28 /* ltoj_word_break.cpp in Sources */,
				8EB089F417BE1E070048E8C2 /* hdoj1003.cpp in Sources */,
				BFB4DE111898D21A0021AEE6 /* ltoj_unique_paths_ii.cpp in Sources */,
				BF0AF3A418929F6A00613645 /* ltoj_trapping_rain_water.cpp in Sources */,
				BF3AC1DC1887C573004FC432 /* ltoj_word_ladder_bfs.cpp in Sources */,
				8E54FB61184DC58F0047C373 /* poj1568.cpp in Sources */,
				8EEAE8CC18447C1D001D1780 /* jdoj1354.cpp in Sources */,
				8EB089F717BE743F0048E8C2 /* hdoj1024.cpp in Sources */,
				BFB404E0188FF94100C104A1 /* ltoj_convert_sorted_array_to_bst.cpp in Sources */,
				8EB1BEBF17C0B9CC00484915 /* hdoj2602.cpp in Sources */,
				8ED7397517C1C0C8006DCF50 /* hdoj1028.cpp in Sources */,
				8EB1C6CA17C26EA400B5A81C /* hdoj1051.cpp in Sources */,
				BFC6A2DC186BCBD500AEC46E /* ltoj_implement_strstr.cpp in Sources */,
				8EB7117417C50FA200ABBD9E /* jdoj1048.cpp in Sources */,
				8EB4763317C65DD600D46863 /* hdoj1058.cpp in Sources */,
				8E54FB591846F40A0047C373 /* jdoj1371.cpp in Sources */,
				8EB7E72017C8A44600BF1869 /* template.cpp in Sources */,
				BF67A23718851F1400E9F248 /* ltoj_word_ladder.cpp in Sources */,
				BF7BEE051873BA93000789DD /* ltoj_3Sum.cpp in Sources */,
				8E0261B21830800400C319C4 /* jdoj1369.cpp in Sources */,
				8EB7E72317C8A52100BF1869 /* hdoj1059.cpp in Sources */,
				8EB7E72617C8A80D00BF1869 /* hdoj1506wa.cpp in Sources */,
				8EA1AC70188A831200F76FB7 /* ltoj_word_ladder_bfs_ii.cpp in Sources */,
				8EB0FF2F17C8F367007A4F5A /* hdoj1506dp.cpp in Sources */,
				BFAA67261895F4AF00CC77ED /* ltoj_word_break_ii.cpp in Sources */,
				BF881B1A189154F7002D26C3 /* ltoj_partition_list .cpp in Sources */,
				8E0E026B1834AB75008EEB25 /* jdoj1352.cpp in Sources */,
				BF0AAD3A1873A58100436771 /* ltoj_LongestCommonPrefix .cpp in Sources */,
				8ED7397817CB5AA6006DCF50 /* hdoj1069.cpp in Sources */,
				8EB7497917CCFCF100122341 /* hdoj1045.cpp in Sources */,
				8ED7397B17CDF341006DCF50 /* hdoj2553.cpp in Sources */,
				BF72DEE31893C7DB00A87DD5 /* ltoj_longest_substring_without_repeating_characters.cpp in Sources */,
				8E8395FB17D58DEF002AF58D /* Timer.cpp in Sources */,
				BFAF0E671894ADD600470F28 /* ltoj_unique_paths.cpp in Sources */,
				8E0E027C1835C6F4008EEB25 /* jdoj1351.cpp in Sources */,
				8EB4025C17DB3DF900E2E6A9 /* hdoj1059dfstle.cpp in Sources */,
			);
			runOnlyForDeploymentPostprocessing = 0;
		};
/* End PBXSourcesBuildPhase section */

/* Begin XCBuildConfiguration section */
		8E00CF7D17ACF6D500F281A3 /* Debug */ = {
			isa = XCBuildConfiguration;
			buildSettings = {
				ALWAYS_SEARCH_USER_PATHS = NO;
				CLANG_CXX_LANGUAGE_STANDARD = "c++0x";
				CLANG_CXX_LIBRARY = "libc++";
				CLANG_WARN_CONSTANT_CONVERSION = YES;
				CLANG_WARN_EMPTY_BODY = YES;
				CLANG_WARN_ENUM_CONVERSION = YES;
				CLANG_WARN_INT_CONVERSION = YES;
				CLANG_WARN__DUPLICATE_METHOD_MATCH = YES;
				COPY_PHASE_STRIP = NO;
				GCC_C_LANGUAGE_STANDARD = gnu99;
				GCC_DYNAMIC_NO_PIC = NO;
				GCC_ENABLE_OBJC_EXCEPTIONS = YES;
				GCC_OPTIMIZATION_LEVEL = 0;
				GCC_PREPROCESSOR_DEFINITIONS = (
					"DEBUG=1",
					"$(inherited)",
				);
				GCC_SYMBOLS_PRIVATE_EXTERN = NO;
				GCC_WARN_64_TO_32_BIT_CONVERSION = YES;
				GCC_WARN_ABOUT_RETURN_TYPE = YES;
				GCC_WARN_UNINITIALIZED_AUTOS = YES;
				GCC_WARN_UNUSED_VARIABLE = YES;
				HEADER_SEARCH_PATHS = /usr/local/include;
				LIBRARY_SEARCH_PATHS = /usr/local/lib;
				MACOSX_DEPLOYMENT_TARGET = 10.8;
				ONLY_ACTIVE_ARCH = YES;
				SDKROOT = macosx;
			};
			name = Debug;
		};
		8E00CF7E17ACF6D500F281A3 /* Release */ = {
			isa = XCBuildConfiguration;
			buildSettings = {
				ALWAYS_SEARCH_USER_PATHS = NO;
				CLANG_CXX_LANGUAGE_STANDARD = "c++0x";
				CLANG_CXX_LIBRARY = "libc++";
				CLANG_WARN_CONSTANT_CONVERSION = YES;
				CLANG_WARN_EMPTY_BODY = YES;
				CLANG_WARN_ENUM_CONVERSION = YES;
				CLANG_WARN_INT_CONVERSION = YES;
				CLANG_WARN__DUPLICATE_METHOD_MATCH = YES;
				COPY_PHASE_STRIP = YES;
				DEBUG_INFORMATION_FORMAT = "dwarf-with-dsym";
				GCC_C_LANGUAGE_STANDARD = gnu99;
				GCC_ENABLE_OBJC_EXCEPTIONS = YES;
				GCC_WARN_64_TO_32_BIT_CONVERSION = YES;
				GCC_WARN_ABOUT_RETURN_TYPE = YES;
				GCC_WARN_UNINITIALIZED_AUTOS = YES;
				GCC_WARN_UNUSED_VARIABLE = YES;
				HEADER_SEARCH_PATHS = /usr/local/include;
				LIBRARY_SEARCH_PATHS = /usr/local/lib;
				MACOSX_DEPLOYMENT_TARGET = 10.8;
				SDKROOT = macosx;
			};
			name = Release;
		};
		8E00CF8017ACF6D500F281A3 /* Debug */ = {
			isa = XCBuildConfiguration;
			buildSettings = {
				GCC_C_LANGUAGE_STANDARD = c99;
				OTHER_LDFLAGS = "-lCppUTest";
				PRODUCT_NAME = "$(TARGET_NAME)";
			};
			name = Debug;
		};
		8E00CF8117ACF6D500F281A3 /* Release */ = {
			isa = XCBuildConfiguration;
			buildSettings = {
				GCC_C_LANGUAGE_STANDARD = c99;
				OTHER_LDFLAGS = "-lCppUTest";
				PRODUCT_NAME = "$(TARGET_NAME)";
			};
			name = Release;
		};
/* End XCBuildConfiguration section */

/* Begin XCConfigurationList section */
		8E00CF7117ACF6D500F281A3 /* Build configuration list for PBXProject "interview1" */ = {
			isa = XCConfigurationList;
			buildConfigurations = (
				8E00CF7D17ACF6D500F281A3 /* Debug */,
				8E00CF7E17ACF6D500F281A3 /* Release */,
			);
			defaultConfigurationIsVisible = 0;
			defaultConfigurationName = Release;
		};
		8E00CF7F17ACF6D500F281A3 /* Build configuration list for PBXNativeTarget "interview1" */ = {
			isa = XCConfigurationList;
			buildConfigurations = (
				8E00CF8017ACF6D500F281A3 /* Debug */,
				8E00CF8117ACF6D500F281A3 /* Release */,
			);
			defaultConfigurationIsVisible = 0;
			defaultConfigurationName = Release;
		};
/* End XCConfigurationList section */
	};
	rootObject = 8E00CF6E17ACF6D500F281A3 /* Project object */;
}
