// !$*UTF8*$!
{
	archiveVersion = 1;
	classes = {
	};
	objectVersion = 46;
	objects = {

/* Begin PBXBuildFile section */
		8E77C1011863E845005503D1 /* OverloadedFunctions.cpp in Sources */ = {isa = PBXBuildFile; fileRef = 8E77C0FF1863E845005503D1 /* OverloadedFunctions.cpp */; };
		8E77C10418640E21005503D1 /* PointerArgument.cpp in Sources */ = {isa = PBXBuildFile; fileRef = 8E77C10218640E21005503D1 /* PointerArgument.cpp */; };
		8E77C107186415E6005503D1 /* MatchingContainers.cpp in Sources */ = {isa = PBXBuildFile; fileRef = 8E77C105186415E6005503D1 /* MatchingContainers.cpp */; };
		8E77C10D186429FF005503D1 /* PredicatesAsMatcher.cpp in Sources */ = {isa = PBXBuildFile; fileRef = 8E77C10B186429FF005503D1 /* PredicatesAsMatcher.cpp */; };
		8E77C1101864306A005503D1 /* DefinesMatcher.cpp in Sources */ = {isa = PBXBuildFile; fileRef = 8E77C10E1864306A005503D1 /* DefinesMatcher.cpp */; };
		8E77C113186433D7005503D1 /* UseON_CALL.cpp in Sources */ = {isa = PBXBuildFile; fileRef = 8E77C111186433D7005503D1 /* UseON_CALL.cpp */; };
		8E77C11918643DEE005503D1 /* ReferenceArgument.cpp in Sources */ = {isa = PBXBuildFile; fileRef = 8E77C11718643DEE005503D1 /* ReferenceArgument.cpp */; };
		8EB6928616D5B5BE005BC387 /* main.cpp in Sources */ = {isa = PBXBuildFile; fileRef = 8EB6928516D5B5BE005BC387 /* main.cpp */; };
		BFF397801862DC0E0045B7FA /* OutParameterTest.cpp in Sources */ = {isa = PBXBuildFile; fileRef = BFF3977E1862DC0E0045B7FA /* OutParameterTest.cpp */; };
/* End PBXBuildFile section */

/* Begin PBXCopyFilesBuildPhase section */
		8EB6928016D5B5BE005BC387 /* CopyFiles */ = {
			isa = PBXCopyFilesBuildPhase;
			buildActionMask = 2147483647;
			dstPath = /usr/share/man/man1/;
			dstSubfolderSpec = 0;
			files = (
			);
			runOnlyForDeploymentPostprocessing = 1;
		};
/* End PBXCopyFilesBuildPhase section */

/* Begin PBXFileReference section */
		8E77C0FF1863E845005503D1 /* OverloadedFunctions.cpp */ = {isa = PBXFileReference; fileEncoding = 4; lastKnownFileType = sourcecode.cpp.cpp; path = OverloadedFunctions.cpp; sourceTree = "<group>"; };
		8E77C10218640E21005503D1 /* PointerArgument.cpp */ = {isa = PBXFileReference; fileEncoding = 4; lastKnownFileType = sourcecode.cpp.cpp; path = PointerArgument.cpp; sourceTree = "<group>"; };
		8E77C105186415E6005503D1 /* MatchingContainers.cpp */ = {isa = PBXFileReference; fileEncoding = 4; lastKnownFileType = sourcecode.cpp.cpp; path = MatchingContainers.cpp; sourceTree = "<group>"; };
		8E77C10B186429FF005503D1 /* PredicatesAsMatcher.cpp */ = {isa = PBXFileReference; fileEncoding = 4; lastKnownFileType = sourcecode.cpp.cpp; path = PredicatesAsMatcher.cpp; sourceTree = "<group>"; };
		8E77C10E1864306A005503D1 /* DefinesMatcher.cpp */ = {isa = PBXFileReference; fileEncoding = 4; lastKnownFileType = sourcecode.cpp.cpp; path = DefinesMatcher.cpp; sourceTree = "<group>"; };
		8E77C111186433D7005503D1 /* UseON_CALL.cpp */ = {isa = PBXFileReference; fileEncoding = 4; lastKnownFileType = sourcecode.cpp.cpp; path = UseON_CALL.cpp; sourceTree = "<group>"; };
		8E77C11718643DEE005503D1 /* ReferenceArgument.cpp */ = {isa = PBXFileReference; fileEncoding = 4; lastKnownFileType = sourcecode.cpp.cpp; path = ReferenceArgument.cpp; sourceTree = "<group>"; };
		8EB6928216D5B5BE005BC387 /* test1 */ = {isa = PBXFileReference; explicitFileType = "compiled.mach-o.executable"; includeInIndex = 0; path = test1; sourceTree = BUILT_PRODUCTS_DIR; };
		8EB6928516D5B5BE005BC387 /* main.cpp */ = {isa = PBXFileReference; lastKnownFileType = sourcecode.cpp.cpp; path = main.cpp; sourceTree = "<group>"; };
		BFF3977E1862DC0E0045B7FA /* OutParameterTest.cpp */ = {isa = PBXFileReference; fileEncoding = 4; lastKnownFileType = sourcecode.cpp.cpp; path = OutParameterTest.cpp; sourceTree = "<group>"; };
/* End PBXFileReference section */

/* Begin PBXFrameworksBuildPhase section */
		8EB6927F16D5B5BE005BC387 /* Frameworks */ = {
			isa = PBXFrameworksBuildPhase;
			buildActionMask = 2147483647;
			files = (
			);
			runOnlyForDeploymentPostprocessing = 0;
		};
/* End PBXFrameworksBuildPhase section */

/* Begin PBXGroup section */
		8EB6927916D5B5BE005BC387 = {
			isa = PBXGroup;
			children = (
				8EB6928416D5B5BE005BC387 /* test1 */,
				8EB6928316D5B5BE005BC387 /* Products */,
			);
			sourceTree = "<group>";
		};
		8EB6928316D5B5BE005BC387 /* Products */ = {
			isa = PBXGroup;
			children = (
				8EB6928216D5B5BE005BC387 /* test1 */,
			);
			name = Products;
			sourceTree = "<group>";
		};
		8EB6928416D5B5BE005BC387 /* test1 */ = {
			isa = PBXGroup;
			children = (
				8EB6928516D5B5BE005BC387 /* main.cpp */,
				BFF3977E1862DC0E0045B7FA /* OutParameterTest.cpp */,
				8E77C0FF1863E845005503D1 /* OverloadedFunctions.cpp */,
				8E77C10218640E21005503D1 /* PointerArgument.cpp */,
				8E77C11718643DEE005503D1 /* ReferenceArgument.cpp */,
				8E77C105186415E6005503D1 /* MatchingContainers.cpp */,
				8E77C10B186429FF005503D1 /* PredicatesAsMatcher.cpp */,
				8E77C10E1864306A005503D1 /* DefinesMatcher.cpp */,
				8E77C111186433D7005503D1 /* UseON_CALL.cpp */,
			);
			path = test1;
			sourceTree = "<group>";
		};
/* End PBXGroup section */

/* Begin PBXNativeTarget section */
		8EB6928116D5B5BE005BC387 /* test1 */ = {
			isa = PBXNativeTarget;
			buildConfigurationList = 8EB6928B16D5B5BE005BC387 /* Build configuration list for PBXNativeTarget "test1" */;
			buildPhases = (
				8EB6927E16D5B5BE005BC387 /* Sources */,
				8EB6927F16D5B5BE005BC387 /* Frameworks */,
				8EB6928016D5B5BE005BC387 /* CopyFiles */,
			);
			buildRules = (
			);
			dependencies = (
			);
			name = test1;
			productName = test1;
			productReference = 8EB6928216D5B5BE005BC387 /* test1 */;
			productType = "com.apple.product-type.tool";
		};
/* End PBXNativeTarget section */

/* Begin PBXProject section */
		8EB6927A16D5B5BE005BC387 /* Project object */ = {
			isa = PBXProject;
			attributes = {
				LastUpgradeCheck = 0720;
				ORGANIZATIONNAME = wolf76;
			};
			buildConfigurationList = 8EB6927D16D5B5BE005BC387 /* Build configuration list for PBXProject "test1" */;
			compatibilityVersion = "Xcode 3.2";
			developmentRegion = English;
			hasScannedForEncodings = 0;
			knownRegions = (
				en,
			);
			mainGroup = 8EB6927916D5B5BE005BC387;
			productRefGroup = 8EB6928316D5B5BE005BC387 /* Products */;
			projectDirPath = "";
			projectRoot = "";
			targets = (
				8EB6928116D5B5BE005BC387 /* test1 */,
			);
		};
/* End PBXProject section */

/* Begin PBXSourcesBuildPhase section */
		8EB6927E16D5B5BE005BC387 /* Sources */ = {
			isa = PBXSourcesBuildPhase;
			buildActionMask = 2147483647;
			files = (
				8E77C10418640E21005503D1 /* PointerArgument.cpp in Sources */,
				8E77C1101864306A005503D1 /* DefinesMatcher.cpp in Sources */,
				BFF397801862DC0E0045B7FA /* OutParameterTest.cpp in Sources */,
				8E77C11918643DEE005503D1 /* ReferenceArgument.cpp in Sources */,
				8E77C10D186429FF005503D1 /* PredicatesAsMatcher.cpp in Sources */,
				8E77C113186433D7005503D1 /* UseON_CALL.cpp in Sources */,
				8E77C107186415E6005503D1 /* MatchingContainers.cpp in Sources */,
				8EB6928616D5B5BE005BC387 /* main.cpp in Sources */,
				8E77C1011863E845005503D1 /* OverloadedFunctions.cpp in Sources */,
			);
			runOnlyForDeploymentPostprocessing = 0;
		};
/* End PBXSourcesBuildPhase section */

/* Begin XCBuildConfiguration section */
		8EB6928916D5B5BE005BC387 /* Debug */ = {
			isa = XCBuildConfiguration;
			buildSettings = {
				ALWAYS_SEARCH_USER_PATHS = NO;
				CLANG_CXX_LANGUAGE_STANDARD = "c++0x";
				CLANG_CXX_LIBRARY = "libc++";
				CLANG_WARN_CONSTANT_CONVERSION = YES;
				CLANG_WARN_EMPTY_BODY = YES;
				CLANG_WARN_ENUM_CONVERSION = YES;
				CLANG_WARN_INT_CONVERSION = YES;
				CLANG_WARN__DUPLICATE_METHOD_MATCH = YES;
				COPY_PHASE_STRIP = NO;
				ENABLE_TESTABILITY = YES;
				GCC_C_LANGUAGE_STANDARD = gnu99;
				GCC_DYNAMIC_NO_PIC = NO;
				GCC_ENABLE_OBJC_EXCEPTIONS = YES;
				GCC_OPTIMIZATION_LEVEL = 0;
				GCC_PREPROCESSOR_DEFINITIONS = (
					"DEBUG=1",
					"$(inherited)",
				);
				GCC_SYMBOLS_PRIVATE_EXTERN = NO;
				GCC_WARN_64_TO_32_BIT_CONVERSION = YES;
				GCC_WARN_ABOUT_RETURN_TYPE = YES;
				GCC_WARN_UNINITIALIZED_AUTOS = YES;
				GCC_WARN_UNUSED_VARIABLE = YES;
				HEADER_SEARCH_PATHS = "$(SRCROOT)/../../include";
				LIBRARY_SEARCH_PATHS = "$(SRCROOT)/../../lib";
				MACOSX_DEPLOYMENT_TARGET = 10.8;
				ONLY_ACTIVE_ARCH = YES;
				OTHER_LDFLAGS = "-lgmock";
				SDKROOT = macosx;
			};
			name = Debug;
		};
		8EB6928A16D5B5BE005BC387 /* Release */ = {
			isa = XCBuildConfiguration;
			buildSettings = {
				ALWAYS_SEARCH_USER_PATHS = NO;
				CLANG_CXX_LANGUAGE_STANDARD = "c++0x";
				CLANG_CXX_LIBRARY = "libc++";
				CLANG_WARN_CONSTANT_CONVERSION = YES;
				CLANG_WARN_EMPTY_BODY = YES;
				CLANG_WARN_ENUM_CONVERSION = YES;
				CLANG_WARN_INT_CONVERSION = YES;
				CLANG_WARN__DUPLICATE_METHOD_MATCH = YES;
				COPY_PHASE_STRIP = YES;
				DEBUG_INFORMATION_FORMAT = "dwarf-with-dsym";
				GCC_C_LANGUAGE_STANDARD = gnu99;
				GCC_ENABLE_OBJC_EXCEPTIONS = YES;
				GCC_WARN_64_TO_32_BIT_CONVERSION = YES;
				GCC_WARN_ABOUT_RETURN_TYPE = YES;
				GCC_WARN_UNINITIALIZED_AUTOS = YES;
				GCC_WARN_UNUSED_VARIABLE = YES;
				HEADER_SEARCH_PATHS = "$(SRCROOT)/../../include";
				LIBRARY_SEARCH_PATHS = "$(SRCROOT)/../../lib";
				MACOSX_DEPLOYMENT_TARGET = 10.8;
				OTHER_LDFLAGS = "-lgmock";
				SDKROOT = macosx;
			};
			name = Release;
		};
		8EB6928C16D5B5BE005BC387 /* Debug */ = {
			isa = XCBuildConfiguration;
			buildSettings = {
				LIBRARY_SEARCH_PATHS = (
					"$(inherited)",
					"\"$(SRCROOT)/../../lib\"",
				);
				PRODUCT_NAME = "$(TARGET_NAME)";
			};
			name = Debug;
		};
		8EB6928D16D5B5BE005BC387 /* Release */ = {
			isa = XCBuildConfiguration;
			buildSettings = {
				LIBRARY_SEARCH_PATHS = (
					"$(inherited)",
					"\"$(SRCROOT)/../../lib\"",
				);
				PRODUCT_NAME = "$(TARGET_NAME)";
			};
			name = Release;
		};
/* End XCBuildConfiguration section */

/* Begin XCConfigurationList section */
		8EB6927D16D5B5BE005BC387 /* Build configuration list for PBXProject "test1" */ = {
			isa = XCConfigurationList;
			buildConfigurations = (
				8EB6928916D5B5BE005BC387 /* Debug */,
				8EB6928A16D5B5BE005BC387 /* Release */,
			);
			defaultConfigurationIsVisible = 0;
			defaultConfigurationName = Release;
		};
		8EB6928B16D5B5BE005BC387 /* Build configuration list for PBXNativeTarget "test1" */ = {
			isa = XCConfigurationList;
			buildConfigurations = (
				8EB6928C16D5B5BE005BC387 /* Debug */,
				8EB6928D16D5B5BE005BC387 /* Release */,
			);
			defaultConfigurationIsVisible = 0;
			defaultConfigurationName = Release;
		};
/* End XCConfigurationList section */
	};
	rootObject = 8EB6927A16D5B5BE005BC387 /* Project object */;
}
